
Microsoft Visual Studio Solution File, Format Version 12.00
# Visual Studio Version 17
VisualStudioVersion = 17.4.33122.133
MinimumVisualStudioVersion = 10.0.40219.1
Project("{9A19103F-16F7-4668-BE54-9A1E7A4F7556}") = "TestTrackingDiagrams", "src\TestTrackingDiagrams\TestTrackingDiagrams.csproj", "{83A2F310-B1DA-4721-9305-2659298CA3A0}"
EndProject
Project("{9A19103F-16F7-4668-BE54-9A1E7A4F7556}") = "TestTrackingDiagrams.LightBDD.xUnit2", "src\TestTrackingDiagrams.LightBDD.xUnit2\TestTrackingDiagrams.LightBDD.xUnit2.csproj", "{7C979AD7-6CBE-4C61-ADFA-C7827A48C1D9}"
EndProject
Project("{9A19103F-16F7-4668-BE54-9A1E7A4F7556}") = "TestTrackingDiagrams.NUnit4", "src\TestTrackingDiagrams.NUnit4\TestTrackingDiagrams.NUnit4.csproj", "{57117522-8940-40E0-A9E6-EAFD9E54A076}"
EndProject
Project("{9A19103F-16F7-4668-BE54-9A1E7A4F7556}") = "TestTrackingDiagrams.xUnit3", "src\TestTrackingDiagrams.xUnit3\TestTrackingDiagrams.xUnit3.csproj", "{6B355E54-9734-46D6-AC37-E16F8F6F2C55}"
EndProject
Project("{FAE04EC0-301F-11D3-BF4B-00C04F79EFBC}") = "TestTrackingDiagrams.ReqNRoll.xUnit3", "src\TestTrackingDiagrams.ReqNRoll.xUnit3\TestTrackingDiagrams.ReqNRoll.xUnit3.csproj", "{531C6839-BC2A-440D-B681-EE1743CF15B0}"
EndProject
Project("{FAE04EC0-301F-11D3-BF4B-00C04F79EFBC}") = "TestTrackingDiagrams.ReqNRoll.xUnit2", "src\TestTrackingDiagrams.ReqNRoll.xUnit2\TestTrackingDiagrams.ReqNRoll.xUnit2.csproj", "{28746024-1AE0-4982-9651-D5CF6C1BBC1A}"
EndProject
Project("{FAE04EC0-301F-11D3-BF4B-00C04F79EFBC}") = "TestTrackingDiagrams.BDDfy.xUnit3", "src\TestTrackingDiagrams.BDDfy.xUnit3\TestTrackingDiagrams.BDDfy.xUnit3.csproj", "{387E1822-D53D-44D5-B4D6-961D5755FED9}"
EndProject
Project("{FAE04EC0-301F-11D3-BF4B-00C04F79EFBC}") = "TestTrackingDiagrams.Tests", "tests\TestTrackingDiagrams.Tests\TestTrackingDiagrams.Tests.csproj", "{B93291EE-D017-454F-BDF6-DAE33F6ED5B7}"
EndProject
Project("{FAE04EC0-301F-11D3-BF4B-00C04F79EFBC}") = "TestTrackingDiagrams.Tests.xUnit3", "tests\TestTrackingDiagrams.Tests.xUnit3\TestTrackingDiagrams.Tests.xUnit3.csproj", "{0234135C-5B45-479B-B347-EA6B09821191}"
EndProject
Project("{FAE04EC0-301F-11D3-BF4B-00C04F79EFBC}") = "TestTrackingDiagrams.xUnit2", "src\TestTrackingDiagrams.xUnit2\TestTrackingDiagrams.xUnit2.csproj", "{9C1EE2CC-FD84-4495-9838-A3DE73A0E794}"
EndProject
Project("{FAE04EC0-301F-11D3-BF4B-00C04F79EFBC}") = "TestTrackingDiagrams.Tests.xUnit2", "tests\TestTrackingDiagrams.Tests.xUnit2\TestTrackingDiagrams.Tests.xUnit2.csproj", "{27ABFBC3-09E5-4546-8750-1A5C0FF6F61E}"
EndProject
Project("{FAE04EC0-301F-11D3-BF4B-00C04F79EFBC}") = "TestTrackingDiagrams.Extensions.CosmosDB", "src\TestTrackingDiagrams.Extensions.CosmosDB\TestTrackingDiagrams.Extensions.CosmosDB.csproj", "{87893C0E-C12C-43B5-AA1A-E909EC8E2E92}"
EndProject
Project("{FAE04EC0-301F-11D3-BF4B-00C04F79EFBC}") = "TestTrackingDiagrams.Tests.CosmosDB", "tests\TestTrackingDiagrams.Tests.CosmosDB\TestTrackingDiagrams.Tests.CosmosDB.csproj", "{BA080E5F-0296-4DEE-9A0C-A12C7E2F0EEF}"
EndProject
Project("{FAE04EC0-301F-11D3-BF4B-00C04F79EFBC}") = "TestTrackingDiagrams.PlantUml.Ikvm", "src\TestTrackingDiagrams.PlantUml.Ikvm\TestTrackingDiagrams.PlantUml.Ikvm.csproj", "{19A4BBCD-6A55-4085-9CCB-CAEBFF6D333F}"
EndProject
Project("{FAE04EC0-301F-11D3-BF4B-00C04F79EFBC}") = "TestTrackingDiagrams.Tests.PlantUml.Ikvm", "tests\TestTrackingDiagrams.Tests.PlantUml.Ikvm\TestTrackingDiagrams.Tests.PlantUml.Ikvm.csproj", "{A0C97618-635B-4B7F-9639-0D1264F13116}"
EndProject
Project("{FAE04EC0-301F-11D3-BF4B-00C04F79EFBC}") = "TestTrackingDiagrams.Extensions.EfCore.Relational", "src\TestTrackingDiagrams.Extensions.EfCore.Relational\TestTrackingDiagrams.Extensions.EfCore.Relational.csproj", "{4356CDE3-2357-4D51-AC81-7614D5D1B9CF}"
EndProject
Project("{FAE04EC0-301F-11D3-BF4B-00C04F79EFBC}") = "TestTrackingDiagrams.Tests.EfCore.Relational", "tests\TestTrackingDiagrams.Tests.EfCore.Relational\TestTrackingDiagrams.Tests.EfCore.Relational.csproj", "{D5130409-8B69-4141-AC7C-0663B5F2EF77}"
EndProject
Project("{FAE04EC0-301F-11D3-BF4B-00C04F79EFBC}") = "TestTrackingDiagrams.MSTest", "src\TestTrackingDiagrams.MSTest\TestTrackingDiagrams.MSTest.csproj", "{C3418898-AA05-41CB-AD41-DBF30826EC89}"
EndProject
Project("{FAE04EC0-301F-11D3-BF4B-00C04F79EFBC}") = "TestTrackingDiagrams.Tests.MSTest", "tests\TestTrackingDiagrams.Tests.MSTest\TestTrackingDiagrams.Tests.MSTest.csproj", "{28777C16-CC57-41DE-9678-366F915F9AB5}"
EndProject
Project("{FAE04EC0-301F-11D3-BF4B-00C04F79EFBC}") = "TestTrackingDiagrams.LightBDD.xUnit3", "src\TestTrackingDiagrams.LightBDD.xUnit3\TestTrackingDiagrams.LightBDD.xUnit3.csproj", "{25C2E966-284D-449D-96C0-3B17456FDE88}"
EndProject
Project("{FAE04EC0-301F-11D3-BF4B-00C04F79EFBC}") = "TestTrackingDiagrams.Tests.LightBDD.xUnit3", "tests\TestTrackingDiagrams.Tests.LightBDD.xUnit3\TestTrackingDiagrams.Tests.LightBDD.xUnit3.csproj", "{FD98F047-1B96-473B-8B56-D7A41B192E9E}"
EndProject
Project("{FAE04EC0-301F-11D3-BF4B-00C04F79EFBC}") = "TestTrackingDiagrams.Extensions.Redis", "src\TestTrackingDiagrams.Extensions.Redis\TestTrackingDiagrams.Extensions.Redis.csproj", "{C93D71DB-9928-45E8-AB05-AD088B0FAC99}"
EndProject
Project("{FAE04EC0-301F-11D3-BF4B-00C04F79EFBC}") = "TestTrackingDiagrams.Tests.Redis", "tests\TestTrackingDiagrams.Tests.Redis\TestTrackingDiagrams.Tests.Redis.csproj", "{1EBD5EBC-9998-486C-AFF2-8C2FB75ECF35}"
EndProject
Project("{FAE04EC0-301F-11D3-BF4B-00C04F79EFBC}") = "TestTrackingDiagrams.Extensions.OpenTelemetry", "src\TestTrackingDiagrams.Extensions.OpenTelemetry\TestTrackingDiagrams.Extensions.OpenTelemetry.csproj", "{F636ED8D-472F-4354-AAD6-2EAA045AC976}"
EndProject
Project("{FAE04EC0-301F-11D3-BF4B-00C04F79EFBC}") = "TestTrackingDiagrams.Tests.Selenium", "tests\TestTrackingDiagrams.Tests.Selenium\TestTrackingDiagrams.Tests.Selenium.csproj", "{7683910A-7114-4B6D-A695-F65B7CF433D8}"
EndProject
Project("{FAE04EC0-301F-11D3-BF4B-00C04F79EFBC}") = "TestTrackingDiagrams.TUnit", "src\TestTrackingDiagrams.TUnit\TestTrackingDiagrams.TUnit.csproj", "{D40A25C7-7DB7-4607-BAB2-3CB63961DD96}"
EndProject
Project("{FAE04EC0-301F-11D3-BF4B-00C04F79EFBC}") = "TestTrackingDiagrams.Tests.TUnit", "tests\TestTrackingDiagrams.Tests.TUnit\TestTrackingDiagrams.Tests.TUnit.csproj", "{A5364DD5-8A4B-4E9D-B688-2D7BFD0FBF15}"
EndProject
Project("{FAE04EC0-301F-11D3-BF4B-00C04F79EFBC}") = "TestTrackingDiagrams.LightBDD.TUnit", "src\TestTrackingDiagrams.LightBDD.TUnit\TestTrackingDiagrams.LightBDD.TUnit.csproj", "{D56F3E05-AF44-4791-9862-F2C3F1E3B04D}"
EndProject
Project("{FAE04EC0-301F-11D3-BF4B-00C04F79EFBC}") = "TestTrackingDiagrams.Tests.LightBDD.TUnit", "tests\TestTrackingDiagrams.Tests.LightBDD.TUnit\TestTrackingDiagrams.Tests.LightBDD.TUnit.csproj", "{46025930-64DA-4CFC-A257-FEF8D8D91652}"
EndProject
Project("{FAE04EC0-301F-11D3-BF4B-00C04F79EFBC}") = "TestTrackingDiagrams.ReqNRoll.TUnit", "src\TestTrackingDiagrams.ReqNRoll.TUnit\TestTrackingDiagrams.ReqNRoll.TUnit.csproj", "{CB614173-9DF7-4AF1-AB7A-6E2499B87BD2}"
EndProject
Project("{FAE04EC0-301F-11D3-BF4B-00C04F79EFBC}") = "TestTrackingDiagrams.Extensions.DispatchProxy", "src\TestTrackingDiagrams.Extensions.DispatchProxy\TestTrackingDiagrams.Extensions.DispatchProxy.csproj", "{5EFE9DAF-5D99-455A-BF66-13D340F96212}"
EndProject
Project("{FAE04EC0-301F-11D3-BF4B-00C04F79EFBC}") = "TestTrackingDiagrams.Extensions.MediatR", "src\TestTrackingDiagrams.Extensions.MediatR\TestTrackingDiagrams.Extensions.MediatR.csproj", "{939D68F7-BEDA-4FF4-8D89-A3E38697D3AC}"
EndProject
Project("{FAE04EC0-301F-11D3-BF4B-00C04F79EFBC}") = "TestTrackingDiagrams.Extensions.BlobStorage", "src\TestTrackingDiagrams.Extensions.BlobStorage\TestTrackingDiagrams.Extensions.BlobStorage.csproj", "{D42BEA9D-CC3C-447B-91D8-8BBE2C67B4BC}"
EndProject
Project("{FAE04EC0-301F-11D3-BF4B-00C04F79EFBC}") = "TestTrackingDiagrams.Tests.BlobStorage", "tests\TestTrackingDiagrams.Tests.BlobStorage\TestTrackingDiagrams.Tests.BlobStorage.csproj", "{773793F4-8B43-421F-B886-4487250EE94A}"
EndProject
Project("{FAE04EC0-301F-11D3-BF4B-00C04F79EFBC}") = "TestTrackingDiagrams.ReqNRoll.Core", "src\TestTrackingDiagrams.ReqNRoll.Core\TestTrackingDiagrams.ReqNRoll.Core.csproj", "{069E5796-B6EA-47A3-8430-FE906D0D8E22}"
EndProject
Project("{FAE04EC0-301F-11D3-BF4B-00C04F79EFBC}") = "TestTrackingDiagrams.LightBDD.Core", "src\TestTrackingDiagrams.LightBDD.Core\TestTrackingDiagrams.LightBDD.Core.csproj", "{F9B8ECC4-517B-415C-8D63-2F323705B236}"
EndProject
Project("{FAE04EC0-301F-11D3-BF4B-00C04F79EFBC}") = "TestTrackingDiagrams.Tests.SearchEngine", "tests\TestTrackingDiagrams.Tests.SearchEngine\TestTrackingDiagrams.Tests.SearchEngine.csproj", "{27BE51B1-B11A-47AC-BD7E-D1AE9AD80D6D}"
EndProject
Project("{2150E333-8FDC-42A3-9474-1A3956D46DE8}") = "src", "src", "{827E0CD3-B72D-47B6-A68D-7590B98EB39B}"
EndProject
Project("{FAE04EC0-301F-11D3-BF4B-00C04F79EFBC}") = "TestTrackingDiagrams.Extensions.BigQuery", "src\TestTrackingDiagrams.Extensions.BigQuery\TestTrackingDiagrams.Extensions.BigQuery.csproj", "{630D48DD-5755-49F8-88DC-A5E5B0AFF8C7}"
EndProject
Project("{2150E333-8FDC-42A3-9474-1A3956D46DE8}") = "tests", "tests", "{0AB3BF05-4346-4AA6-1389-037BE0695223}"
EndProject
Project("{FAE04EC0-301F-11D3-BF4B-00C04F79EFBC}") = "TestTrackingDiagrams.Tests.BigQuery", "tests\TestTrackingDiagrams.Tests.BigQuery\TestTrackingDiagrams.Tests.BigQuery.csproj", "{B712FF8F-56EC-4450-A7AB-F7F3C451F11B}"
EndProject
Project("{FAE04EC0-301F-11D3-BF4B-00C04F79EFBC}") = "TestTrackingDiagrams.Extensions.ServiceBus", "src\TestTrackingDiagrams.Extensions.ServiceBus\TestTrackingDiagrams.Extensions.ServiceBus.csproj", "{AF665255-16D4-4BAD-9B52-23B3EACDE2A9}"
EndProject
Project("{FAE04EC0-301F-11D3-BF4B-00C04F79EFBC}") = "TestTrackingDiagrams.Tests.ServiceBus", "tests\TestTrackingDiagrams.Tests.ServiceBus\TestTrackingDiagrams.Tests.ServiceBus.csproj", "{F511B017-3AE1-4852-A0F8-6D4C4EA3A6A9}"
EndProject
Project("{FAE04EC0-301F-11D3-BF4B-00C04F79EFBC}") = "TestTrackingDiagrams.Extensions.S3", "src\TestTrackingDiagrams.Extensions.S3\TestTrackingDiagrams.Extensions.S3.csproj", "{F277AD06-2215-446F-9AA9-C83B4AD18E6F}"
EndProject
Project("{FAE04EC0-301F-11D3-BF4B-00C04F79EFBC}") = "TestTrackingDiagrams.Tests.S3", "tests\TestTrackingDiagrams.Tests.S3\TestTrackingDiagrams.Tests.S3.csproj", "{70325A4E-0D19-4EAE-9CBF-B5F0E6340B0B}"
EndProject
Project("{FAE04EC0-301F-11D3-BF4B-00C04F79EFBC}") = "TestTrackingDiagrams.Extensions.DynamoDB", "src\TestTrackingDiagrams.Extensions.DynamoDB\TestTrackingDiagrams.Extensions.DynamoDB.csproj", "{EE54D159-9E66-416B-9D59-9F5CC1323A05}"
EndProject
Project("{FAE04EC0-301F-11D3-BF4B-00C04F79EFBC}") = "TestTrackingDiagrams.Tests.DynamoDB", "tests\TestTrackingDiagrams.Tests.DynamoDB\TestTrackingDiagrams.Tests.DynamoDB.csproj", "{517C94D2-2942-4D00-9003-DDA4E7785155}"
EndProject
Global
	GlobalSection(SolutionConfigurationPlatforms) = preSolution
		Debug|Any CPU = Debug|Any CPU
		Debug|x64 = Debug|x64
		Debug|x86 = Debug|x86
		Release|Any CPU = Release|Any CPU
		Release|x64 = Release|x64
		Release|x86 = Release|x86
	EndGlobalSection
	GlobalSection(ProjectConfigurationPlatforms) = postSolution
		{83A2F310-B1DA-4721-9305-2659298CA3A0}.Debug|Any CPU.ActiveCfg = Debug|Any CPU
		{83A2F310-B1DA-4721-9305-2659298CA3A0}.Debug|Any CPU.Build.0 = Debug|Any CPU
		{83A2F310-B1DA-4721-9305-2659298CA3A0}.Debug|x64.ActiveCfg = Debug|Any CPU
		{83A2F310-B1DA-4721-9305-2659298CA3A0}.Debug|x64.Build.0 = Debug|Any CPU
		{83A2F310-B1DA-4721-9305-2659298CA3A0}.Debug|x86.ActiveCfg = Debug|Any CPU
		{83A2F310-B1DA-4721-9305-2659298CA3A0}.Debug|x86.Build.0 = Debug|Any CPU
		{83A2F310-B1DA-4721-9305-2659298CA3A0}.Release|Any CPU.ActiveCfg = Release|Any CPU
		{83A2F310-B1DA-4721-9305-2659298CA3A0}.Release|Any CPU.Build.0 = Release|Any CPU
		{83A2F310-B1DA-4721-9305-2659298CA3A0}.Release|x64.ActiveCfg = Release|Any CPU
		{83A2F310-B1DA-4721-9305-2659298CA3A0}.Release|x64.Build.0 = Release|Any CPU
		{83A2F310-B1DA-4721-9305-2659298CA3A0}.Release|x86.ActiveCfg = Release|Any CPU
		{83A2F310-B1DA-4721-9305-2659298CA3A0}.Release|x86.Build.0 = Release|Any CPU
		{7C979AD7-6CBE-4C61-ADFA-C7827A48C1D9}.Debug|Any CPU.ActiveCfg = Debug|Any CPU
		{7C979AD7-6CBE-4C61-ADFA-C7827A48C1D9}.Debug|Any CPU.Build.0 = Debug|Any CPU
		{7C979AD7-6CBE-4C61-ADFA-C7827A48C1D9}.Debug|x64.ActiveCfg = Debug|Any CPU
		{7C979AD7-6CBE-4C61-ADFA-C7827A48C1D9}.Debug|x64.Build.0 = Debug|Any CPU
		{7C979AD7-6CBE-4C61-ADFA-C7827A48C1D9}.Debug|x86.ActiveCfg = Debug|Any CPU
		{7C979AD7-6CBE-4C61-ADFA-C7827A48C1D9}.Debug|x86.Build.0 = Debug|Any CPU
		{7C979AD7-6CBE-4C61-ADFA-C7827A48C1D9}.Release|Any CPU.ActiveCfg = Release|Any CPU
		{7C979AD7-6CBE-4C61-ADFA-C7827A48C1D9}.Release|Any CPU.Build.0 = Release|Any CPU
		{7C979AD7-6CBE-4C61-ADFA-C7827A48C1D9}.Release|x64.ActiveCfg = Release|Any CPU
		{7C979AD7-6CBE-4C61-ADFA-C7827A48C1D9}.Release|x64.Build.0 = Release|Any CPU
		{7C979AD7-6CBE-4C61-ADFA-C7827A48C1D9}.Release|x86.ActiveCfg = Release|Any CPU
		{7C979AD7-6CBE-4C61-ADFA-C7827A48C1D9}.Release|x86.Build.0 = Release|Any CPU
		{57117522-8940-40E0-A9E6-EAFD9E54A076}.Debug|Any CPU.ActiveCfg = Debug|Any CPU
		{57117522-8940-40E0-A9E6-EAFD9E54A076}.Debug|Any CPU.Build.0 = Debug|Any CPU
		{57117522-8940-40E0-A9E6-EAFD9E54A076}.Debug|x64.ActiveCfg = Debug|Any CPU
		{57117522-8940-40E0-A9E6-EAFD9E54A076}.Debug|x64.Build.0 = Debug|Any CPU
		{57117522-8940-40E0-A9E6-EAFD9E54A076}.Debug|x86.ActiveCfg = Debug|Any CPU
		{57117522-8940-40E0-A9E6-EAFD9E54A076}.Debug|x86.Build.0 = Debug|Any CPU
		{57117522-8940-40E0-A9E6-EAFD9E54A076}.Release|Any CPU.ActiveCfg = Release|Any CPU
		{57117522-8940-40E0-A9E6-EAFD9E54A076}.Release|Any CPU.Build.0 = Release|Any CPU
		{57117522-8940-40E0-A9E6-EAFD9E54A076}.Release|x64.ActiveCfg = Release|Any CPU
		{57117522-8940-40E0-A9E6-EAFD9E54A076}.Release|x64.Build.0 = Release|Any CPU
		{57117522-8940-40E0-A9E6-EAFD9E54A076}.Release|x86.ActiveCfg = Release|Any CPU
		{57117522-8940-40E0-A9E6-EAFD9E54A076}.Release|x86.Build.0 = Release|Any CPU
		{6B355E54-9734-46D6-AC37-E16F8F6F2C55}.Debug|Any CPU.ActiveCfg = Debug|Any CPU
		{6B355E54-9734-46D6-AC37-E16F8F6F2C55}.Debug|Any CPU.Build.0 = Debug|Any CPU
		{6B355E54-9734-46D6-AC37-E16F8F6F2C55}.Debug|x64.ActiveCfg = Debug|Any CPU
		{6B355E54-9734-46D6-AC37-E16F8F6F2C55}.Debug|x64.Build.0 = Debug|Any CPU
		{6B355E54-9734-46D6-AC37-E16F8F6F2C55}.Debug|x86.ActiveCfg = Debug|Any CPU
		{6B355E54-9734-46D6-AC37-E16F8F6F2C55}.Debug|x86.Build.0 = Debug|Any CPU
		{6B355E54-9734-46D6-AC37-E16F8F6F2C55}.Release|Any CPU.ActiveCfg = Release|Any CPU
		{6B355E54-9734-46D6-AC37-E16F8F6F2C55}.Release|Any CPU.Build.0 = Release|Any CPU
		{6B355E54-9734-46D6-AC37-E16F8F6F2C55}.Release|x64.ActiveCfg = Release|Any CPU
		{6B355E54-9734-46D6-AC37-E16F8F6F2C55}.Release|x64.Build.0 = Release|Any CPU
		{6B355E54-9734-46D6-AC37-E16F8F6F2C55}.Release|x86.ActiveCfg = Release|Any CPU
		{6B355E54-9734-46D6-AC37-E16F8F6F2C55}.Release|x86.Build.0 = Release|Any CPU
		{531C6839-BC2A-440D-B681-EE1743CF15B0}.Debug|Any CPU.ActiveCfg = Debug|Any CPU
		{531C6839-BC2A-440D-B681-EE1743CF15B0}.Debug|Any CPU.Build.0 = Debug|Any CPU
		{531C6839-BC2A-440D-B681-EE1743CF15B0}.Debug|x64.ActiveCfg = Debug|Any CPU
		{531C6839-BC2A-440D-B681-EE1743CF15B0}.Debug|x64.Build.0 = Debug|Any CPU
		{531C6839-BC2A-440D-B681-EE1743CF15B0}.Debug|x86.ActiveCfg = Debug|Any CPU
		{531C6839-BC2A-440D-B681-EE1743CF15B0}.Debug|x86.Build.0 = Debug|Any CPU
		{531C6839-BC2A-440D-B681-EE1743CF15B0}.Release|Any CPU.ActiveCfg = Release|Any CPU
		{531C6839-BC2A-440D-B681-EE1743CF15B0}.Release|Any CPU.Build.0 = Release|Any CPU
		{531C6839-BC2A-440D-B681-EE1743CF15B0}.Release|x64.ActiveCfg = Release|Any CPU
		{531C6839-BC2A-440D-B681-EE1743CF15B0}.Release|x64.Build.0 = Release|Any CPU
		{531C6839-BC2A-440D-B681-EE1743CF15B0}.Release|x86.ActiveCfg = Release|Any CPU
		{531C6839-BC2A-440D-B681-EE1743CF15B0}.Release|x86.Build.0 = Release|Any CPU
		{28746024-1AE0-4982-9651-D5CF6C1BBC1A}.Debug|Any CPU.ActiveCfg = Debug|Any CPU
		{28746024-1AE0-4982-9651-D5CF6C1BBC1A}.Debug|Any CPU.Build.0 = Debug|Any CPU
		{28746024-1AE0-4982-9651-D5CF6C1BBC1A}.Debug|x64.ActiveCfg = Debug|Any CPU
		{28746024-1AE0-4982-9651-D5CF6C1BBC1A}.Debug|x64.Build.0 = Debug|Any CPU
		{28746024-1AE0-4982-9651-D5CF6C1BBC1A}.Debug|x86.ActiveCfg = Debug|Any CPU
		{28746024-1AE0-4982-9651-D5CF6C1BBC1A}.Debug|x86.Build.0 = Debug|Any CPU
		{28746024-1AE0-4982-9651-D5CF6C1BBC1A}.Release|Any CPU.ActiveCfg = Release|Any CPU
		{28746024-1AE0-4982-9651-D5CF6C1BBC1A}.Release|Any CPU.Build.0 = Release|Any CPU
		{28746024-1AE0-4982-9651-D5CF6C1BBC1A}.Release|x64.ActiveCfg = Release|Any CPU
		{28746024-1AE0-4982-9651-D5CF6C1BBC1A}.Release|x64.Build.0 = Release|Any CPU
		{28746024-1AE0-4982-9651-D5CF6C1BBC1A}.Release|x86.ActiveCfg = Release|Any CPU
		{28746024-1AE0-4982-9651-D5CF6C1BBC1A}.Release|x86.Build.0 = Release|Any CPU
		{387E1822-D53D-44D5-B4D6-961D5755FED9}.Debug|Any CPU.ActiveCfg = Debug|Any CPU
		{387E1822-D53D-44D5-B4D6-961D5755FED9}.Debug|Any CPU.Build.0 = Debug|Any CPU
		{387E1822-D53D-44D5-B4D6-961D5755FED9}.Debug|x64.ActiveCfg = Debug|Any CPU
		{387E1822-D53D-44D5-B4D6-961D5755FED9}.Debug|x64.Build.0 = Debug|Any CPU
		{387E1822-D53D-44D5-B4D6-961D5755FED9}.Debug|x86.ActiveCfg = Debug|Any CPU
		{387E1822-D53D-44D5-B4D6-961D5755FED9}.Debug|x86.Build.0 = Debug|Any CPU
		{387E1822-D53D-44D5-B4D6-961D5755FED9}.Release|Any CPU.ActiveCfg = Release|Any CPU
		{387E1822-D53D-44D5-B4D6-961D5755FED9}.Release|Any CPU.Build.0 = Release|Any CPU
		{387E1822-D53D-44D5-B4D6-961D5755FED9}.Release|x64.ActiveCfg = Release|Any CPU
		{387E1822-D53D-44D5-B4D6-961D5755FED9}.Release|x64.Build.0 = Release|Any CPU
		{387E1822-D53D-44D5-B4D6-961D5755FED9}.Release|x86.ActiveCfg = Release|Any CPU
		{387E1822-D53D-44D5-B4D6-961D5755FED9}.Release|x86.Build.0 = Release|Any CPU
		{B93291EE-D017-454F-BDF6-DAE33F6ED5B7}.Debug|Any CPU.ActiveCfg = Debug|Any CPU
		{B93291EE-D017-454F-BDF6-DAE33F6ED5B7}.Debug|Any CPU.Build.0 = Debug|Any CPU
		{B93291EE-D017-454F-BDF6-DAE33F6ED5B7}.Debug|x64.ActiveCfg = Debug|Any CPU
		{B93291EE-D017-454F-BDF6-DAE33F6ED5B7}.Debug|x64.Build.0 = Debug|Any CPU
		{B93291EE-D017-454F-BDF6-DAE33F6ED5B7}.Debug|x86.ActiveCfg = Debug|Any CPU
		{B93291EE-D017-454F-BDF6-DAE33F6ED5B7}.Debug|x86.Build.0 = Debug|Any CPU
		{B93291EE-D017-454F-BDF6-DAE33F6ED5B7}.Release|Any CPU.ActiveCfg = Release|Any CPU
		{B93291EE-D017-454F-BDF6-DAE33F6ED5B7}.Release|Any CPU.Build.0 = Release|Any CPU
		{B93291EE-D017-454F-BDF6-DAE33F6ED5B7}.Release|x64.ActiveCfg = Release|Any CPU
		{B93291EE-D017-454F-BDF6-DAE33F6ED5B7}.Release|x64.Build.0 = Release|Any CPU
		{B93291EE-D017-454F-BDF6-DAE33F6ED5B7}.Release|x86.ActiveCfg = Release|Any CPU
		{B93291EE-D017-454F-BDF6-DAE33F6ED5B7}.Release|x86.Build.0 = Release|Any CPU
		{0234135C-5B45-479B-B347-EA6B09821191}.Debug|Any CPU.ActiveCfg = Debug|Any CPU
		{0234135C-5B45-479B-B347-EA6B09821191}.Debug|Any CPU.Build.0 = Debug|Any CPU
		{0234135C-5B45-479B-B347-EA6B09821191}.Debug|x64.ActiveCfg = Debug|Any CPU
		{0234135C-5B45-479B-B347-EA6B09821191}.Debug|x64.Build.0 = Debug|Any CPU
		{0234135C-5B45-479B-B347-EA6B09821191}.Debug|x86.ActiveCfg = Debug|Any CPU
		{0234135C-5B45-479B-B347-EA6B09821191}.Debug|x86.Build.0 = Debug|Any CPU
		{0234135C-5B45-479B-B347-EA6B09821191}.Release|Any CPU.ActiveCfg = Release|Any CPU
		{0234135C-5B45-479B-B347-EA6B09821191}.Release|Any CPU.Build.0 = Release|Any CPU
		{0234135C-5B45-479B-B347-EA6B09821191}.Release|x64.ActiveCfg = Release|Any CPU
		{0234135C-5B45-479B-B347-EA6B09821191}.Release|x64.Build.0 = Release|Any CPU
		{0234135C-5B45-479B-B347-EA6B09821191}.Release|x86.ActiveCfg = Release|Any CPU
		{0234135C-5B45-479B-B347-EA6B09821191}.Release|x86.Build.0 = Release|Any CPU
		{9C1EE2CC-FD84-4495-9838-A3DE73A0E794}.Debug|Any CPU.ActiveCfg = Debug|Any CPU
		{9C1EE2CC-FD84-4495-9838-A3DE73A0E794}.Debug|Any CPU.Build.0 = Debug|Any CPU
		{9C1EE2CC-FD84-4495-9838-A3DE73A0E794}.Debug|x64.ActiveCfg = Debug|Any CPU
		{9C1EE2CC-FD84-4495-9838-A3DE73A0E794}.Debug|x64.Build.0 = Debug|Any CPU
		{9C1EE2CC-FD84-4495-9838-A3DE73A0E794}.Debug|x86.ActiveCfg = Debug|Any CPU
		{9C1EE2CC-FD84-4495-9838-A3DE73A0E794}.Debug|x86.Build.0 = Debug|Any CPU
		{9C1EE2CC-FD84-4495-9838-A3DE73A0E794}.Release|Any CPU.ActiveCfg = Release|Any CPU
		{9C1EE2CC-FD84-4495-9838-A3DE73A0E794}.Release|Any CPU.Build.0 = Release|Any CPU
		{9C1EE2CC-FD84-4495-9838-A3DE73A0E794}.Release|x64.ActiveCfg = Release|Any CPU
		{9C1EE2CC-FD84-4495-9838-A3DE73A0E794}.Release|x64.Build.0 = Release|Any CPU
		{9C1EE2CC-FD84-4495-9838-A3DE73A0E794}.Release|x86.ActiveCfg = Release|Any CPU
		{9C1EE2CC-FD84-4495-9838-A3DE73A0E794}.Release|x86.Build.0 = Release|Any CPU
		{27ABFBC3-09E5-4546-8750-1A5C0FF6F61E}.Debug|Any CPU.ActiveCfg = Debug|Any CPU
		{27ABFBC3-09E5-4546-8750-1A5C0FF6F61E}.Debug|Any CPU.Build.0 = Debug|Any CPU
		{27ABFBC3-09E5-4546-8750-1A5C0FF6F61E}.Debug|x64.ActiveCfg = Debug|Any CPU
		{27ABFBC3-09E5-4546-8750-1A5C0FF6F61E}.Debug|x64.Build.0 = Debug|Any CPU
		{27ABFBC3-09E5-4546-8750-1A5C0FF6F61E}.Debug|x86.ActiveCfg = Debug|Any CPU
		{27ABFBC3-09E5-4546-8750-1A5C0FF6F61E}.Debug|x86.Build.0 = Debug|Any CPU
		{27ABFBC3-09E5-4546-8750-1A5C0FF6F61E}.Release|Any CPU.ActiveCfg = Release|Any CPU
		{27ABFBC3-09E5-4546-8750-1A5C0FF6F61E}.Release|Any CPU.Build.0 = Release|Any CPU
		{27ABFBC3-09E5-4546-8750-1A5C0FF6F61E}.Release|x64.ActiveCfg = Release|Any CPU
		{27ABFBC3-09E5-4546-8750-1A5C0FF6F61E}.Release|x64.Build.0 = Release|Any CPU
		{27ABFBC3-09E5-4546-8750-1A5C0FF6F61E}.Release|x86.ActiveCfg = Release|Any CPU
		{27ABFBC3-09E5-4546-8750-1A5C0FF6F61E}.Release|x86.Build.0 = Release|Any CPU
		{87893C0E-C12C-43B5-AA1A-E909EC8E2E92}.Debug|Any CPU.ActiveCfg = Debug|Any CPU
		{87893C0E-C12C-43B5-AA1A-E909EC8E2E92}.Debug|Any CPU.Build.0 = Debug|Any CPU
		{87893C0E-C12C-43B5-AA1A-E909EC8E2E92}.Debug|x64.ActiveCfg = Debug|Any CPU
		{87893C0E-C12C-43B5-AA1A-E909EC8E2E92}.Debug|x64.Build.0 = Debug|Any CPU
		{87893C0E-C12C-43B5-AA1A-E909EC8E2E92}.Debug|x86.ActiveCfg = Debug|Any CPU
		{87893C0E-C12C-43B5-AA1A-E909EC8E2E92}.Debug|x86.Build.0 = Debug|Any CPU
		{87893C0E-C12C-43B5-AA1A-E909EC8E2E92}.Release|Any CPU.ActiveCfg = Release|Any CPU
		{87893C0E-C12C-43B5-AA1A-E909EC8E2E92}.Release|Any CPU.Build.0 = Release|Any CPU
		{87893C0E-C12C-43B5-AA1A-E909EC8E2E92}.Release|x64.ActiveCfg = Release|Any CPU
		{87893C0E-C12C-43B5-AA1A-E909EC8E2E92}.Release|x64.Build.0 = Release|Any CPU
		{87893C0E-C12C-43B5-AA1A-E909EC8E2E92}.Release|x86.ActiveCfg = Release|Any CPU
		{87893C0E-C12C-43B5-AA1A-E909EC8E2E92}.Release|x86.Build.0 = Release|Any CPU
		{BA080E5F-0296-4DEE-9A0C-A12C7E2F0EEF}.Debug|Any CPU.ActiveCfg = Debug|Any CPU
		{BA080E5F-0296-4DEE-9A0C-A12C7E2F0EEF}.Debug|Any CPU.Build.0 = Debug|Any CPU
		{BA080E5F-0296-4DEE-9A0C-A12C7E2F0EEF}.Debug|x64.ActiveCfg = Debug|Any CPU
		{BA080E5F-0296-4DEE-9A0C-A12C7E2F0EEF}.Debug|x64.Build.0 = Debug|Any CPU
		{BA080E5F-0296-4DEE-9A0C-A12C7E2F0EEF}.Debug|x86.ActiveCfg = Debug|Any CPU
		{BA080E5F-0296-4DEE-9A0C-A12C7E2F0EEF}.Debug|x86.Build.0 = Debug|Any CPU
		{BA080E5F-0296-4DEE-9A0C-A12C7E2F0EEF}.Release|Any CPU.ActiveCfg = Release|Any CPU
		{BA080E5F-0296-4DEE-9A0C-A12C7E2F0EEF}.Release|Any CPU.Build.0 = Release|Any CPU
		{BA080E5F-0296-4DEE-9A0C-A12C7E2F0EEF}.Release|x64.ActiveCfg = Release|Any CPU
		{BA080E5F-0296-4DEE-9A0C-A12C7E2F0EEF}.Release|x64.Build.0 = Release|Any CPU
		{BA080E5F-0296-4DEE-9A0C-A12C7E2F0EEF}.Release|x86.ActiveCfg = Release|Any CPU
		{BA080E5F-0296-4DEE-9A0C-A12C7E2F0EEF}.Release|x86.Build.0 = Release|Any CPU
		{19A4BBCD-6A55-4085-9CCB-CAEBFF6D333F}.Debug|Any CPU.ActiveCfg = Debug|Any CPU
		{19A4BBCD-6A55-4085-9CCB-CAEBFF6D333F}.Debug|Any CPU.Build.0 = Debug|Any CPU
		{19A4BBCD-6A55-4085-9CCB-CAEBFF6D333F}.Debug|x64.ActiveCfg = Debug|Any CPU
		{19A4BBCD-6A55-4085-9CCB-CAEBFF6D333F}.Debug|x64.Build.0 = Debug|Any CPU
		{19A4BBCD-6A55-4085-9CCB-CAEBFF6D333F}.Debug|x86.ActiveCfg = Debug|Any CPU
		{19A4BBCD-6A55-4085-9CCB-CAEBFF6D333F}.Debug|x86.Build.0 = Debug|Any CPU
		{19A4BBCD-6A55-4085-9CCB-CAEBFF6D333F}.Release|Any CPU.ActiveCfg = Release|Any CPU
		{19A4BBCD-6A55-4085-9CCB-CAEBFF6D333F}.Release|Any CPU.Build.0 = Release|Any CPU
		{19A4BBCD-6A55-4085-9CCB-CAEBFF6D333F}.Release|x64.ActiveCfg = Release|Any CPU
		{19A4BBCD-6A55-4085-9CCB-CAEBFF6D333F}.Release|x64.Build.0 = Release|Any CPU
		{19A4BBCD-6A55-4085-9CCB-CAEBFF6D333F}.Release|x86.ActiveCfg = Release|Any CPU
		{19A4BBCD-6A55-4085-9CCB-CAEBFF6D333F}.Release|x86.Build.0 = Release|Any CPU
		{A0C97618-635B-4B7F-9639-0D1264F13116}.Debug|Any CPU.ActiveCfg = Debug|Any CPU
		{A0C97618-635B-4B7F-9639-0D1264F13116}.Debug|Any CPU.Build.0 = Debug|Any CPU
		{A0C97618-635B-4B7F-9639-0D1264F13116}.Debug|x64.ActiveCfg = Debug|Any CPU
		{A0C97618-635B-4B7F-9639-0D1264F13116}.Debug|x64.Build.0 = Debug|Any CPU
		{A0C97618-635B-4B7F-9639-0D1264F13116}.Debug|x86.ActiveCfg = Debug|Any CPU
		{A0C97618-635B-4B7F-9639-0D1264F13116}.Debug|x86.Build.0 = Debug|Any CPU
		{A0C97618-635B-4B7F-9639-0D1264F13116}.Release|Any CPU.ActiveCfg = Release|Any CPU
		{A0C97618-635B-4B7F-9639-0D1264F13116}.Release|Any CPU.Build.0 = Release|Any CPU
		{A0C97618-635B-4B7F-9639-0D1264F13116}.Release|x64.ActiveCfg = Release|Any CPU
		{A0C97618-635B-4B7F-9639-0D1264F13116}.Release|x64.Build.0 = Release|Any CPU
		{A0C97618-635B-4B7F-9639-0D1264F13116}.Release|x86.ActiveCfg = Release|Any CPU
		{A0C97618-635B-4B7F-9639-0D1264F13116}.Release|x86.Build.0 = Release|Any CPU
		{4356CDE3-2357-4D51-AC81-7614D5D1B9CF}.Debug|Any CPU.ActiveCfg = Debug|Any CPU
		{4356CDE3-2357-4D51-AC81-7614D5D1B9CF}.Debug|Any CPU.Build.0 = Debug|Any CPU
		{4356CDE3-2357-4D51-AC81-7614D5D1B9CF}.Debug|x64.ActiveCfg = Debug|Any CPU
		{4356CDE3-2357-4D51-AC81-7614D5D1B9CF}.Debug|x64.Build.0 = Debug|Any CPU
		{4356CDE3-2357-4D51-AC81-7614D5D1B9CF}.Debug|x86.ActiveCfg = Debug|Any CPU
		{4356CDE3-2357-4D51-AC81-7614D5D1B9CF}.Debug|x86.Build.0 = Debug|Any CPU
		{4356CDE3-2357-4D51-AC81-7614D5D1B9CF}.Release|Any CPU.ActiveCfg = Release|Any CPU
		{4356CDE3-2357-4D51-AC81-7614D5D1B9CF}.Release|Any CPU.Build.0 = Release|Any CPU
		{4356CDE3-2357-4D51-AC81-7614D5D1B9CF}.Release|x64.ActiveCfg = Release|Any CPU
		{4356CDE3-2357-4D51-AC81-7614D5D1B9CF}.Release|x64.Build.0 = Release|Any CPU
		{4356CDE3-2357-4D51-AC81-7614D5D1B9CF}.Release|x86.ActiveCfg = Release|Any CPU
		{4356CDE3-2357-4D51-AC81-7614D5D1B9CF}.Release|x86.Build.0 = Release|Any CPU
		{D5130409-8B69-4141-AC7C-0663B5F2EF77}.Debug|Any CPU.ActiveCfg = Debug|Any CPU
		{D5130409-8B69-4141-AC7C-0663B5F2EF77}.Debug|Any CPU.Build.0 = Debug|Any CPU
		{D5130409-8B69-4141-AC7C-0663B5F2EF77}.Debug|x64.ActiveCfg = Debug|Any CPU
		{D5130409-8B69-4141-AC7C-0663B5F2EF77}.Debug|x64.Build.0 = Debug|Any CPU
		{D5130409-8B69-4141-AC7C-0663B5F2EF77}.Debug|x86.ActiveCfg = Debug|Any CPU
		{D5130409-8B69-4141-AC7C-0663B5F2EF77}.Debug|x86.Build.0 = Debug|Any CPU
		{D5130409-8B69-4141-AC7C-0663B5F2EF77}.Release|Any CPU.ActiveCfg = Release|Any CPU
		{D5130409-8B69-4141-AC7C-0663B5F2EF77}.Release|Any CPU.Build.0 = Release|Any CPU
		{D5130409-8B69-4141-AC7C-0663B5F2EF77}.Release|x64.ActiveCfg = Release|Any CPU
		{D5130409-8B69-4141-AC7C-0663B5F2EF77}.Release|x64.Build.0 = Release|Any CPU
		{D5130409-8B69-4141-AC7C-0663B5F2EF77}.Release|x86.ActiveCfg = Release|Any CPU
		{D5130409-8B69-4141-AC7C-0663B5F2EF77}.Release|x86.Build.0 = Release|Any CPU
		{C3418898-AA05-41CB-AD41-DBF30826EC89}.Debug|Any CPU.ActiveCfg = Debug|Any CPU
		{C3418898-AA05-41CB-AD41-DBF30826EC89}.Debug|Any CPU.Build.0 = Debug|Any CPU
		{C3418898-AA05-41CB-AD41-DBF30826EC89}.Debug|x64.ActiveCfg = Debug|Any CPU
		{C3418898-AA05-41CB-AD41-DBF30826EC89}.Debug|x64.Build.0 = Debug|Any CPU
		{C3418898-AA05-41CB-AD41-DBF30826EC89}.Debug|x86.ActiveCfg = Debug|Any CPU
		{C3418898-AA05-41CB-AD41-DBF30826EC89}.Debug|x86.Build.0 = Debug|Any CPU
		{C3418898-AA05-41CB-AD41-DBF30826EC89}.Release|Any CPU.ActiveCfg = Release|Any CPU
		{C3418898-AA05-41CB-AD41-DBF30826EC89}.Release|Any CPU.Build.0 = Release|Any CPU
		{C3418898-AA05-41CB-AD41-DBF30826EC89}.Release|x64.ActiveCfg = Release|Any CPU
		{C3418898-AA05-41CB-AD41-DBF30826EC89}.Release|x64.Build.0 = Release|Any CPU
		{C3418898-AA05-41CB-AD41-DBF30826EC89}.Release|x86.ActiveCfg = Release|Any CPU
		{C3418898-AA05-41CB-AD41-DBF30826EC89}.Release|x86.Build.0 = Release|Any CPU
		{28777C16-CC57-41DE-9678-366F915F9AB5}.Debug|Any CPU.ActiveCfg = Debug|Any CPU
		{28777C16-CC57-41DE-9678-366F915F9AB5}.Debug|Any CPU.Build.0 = Debug|Any CPU
		{28777C16-CC57-41DE-9678-366F915F9AB5}.Debug|x64.ActiveCfg = Debug|Any CPU
		{28777C16-CC57-41DE-9678-366F915F9AB5}.Debug|x64.Build.0 = Debug|Any CPU
		{28777C16-CC57-41DE-9678-366F915F9AB5}.Debug|x86.ActiveCfg = Debug|Any CPU
		{28777C16-CC57-41DE-9678-366F915F9AB5}.Debug|x86.Build.0 = Debug|Any CPU
		{28777C16-CC57-41DE-9678-366F915F9AB5}.Release|Any CPU.ActiveCfg = Release|Any CPU
		{28777C16-CC57-41DE-9678-366F915F9AB5}.Release|Any CPU.Build.0 = Release|Any CPU
		{28777C16-CC57-41DE-9678-366F915F9AB5}.Release|x64.ActiveCfg = Release|Any CPU
		{28777C16-CC57-41DE-9678-366F915F9AB5}.Release|x64.Build.0 = Release|Any CPU
		{28777C16-CC57-41DE-9678-366F915F9AB5}.Release|x86.ActiveCfg = Release|Any CPU
		{28777C16-CC57-41DE-9678-366F915F9AB5}.Release|x86.Build.0 = Release|Any CPU
		{25C2E966-284D-449D-96C0-3B17456FDE88}.Debug|Any CPU.ActiveCfg = Debug|Any CPU
		{25C2E966-284D-449D-96C0-3B17456FDE88}.Debug|Any CPU.Build.0 = Debug|Any CPU
		{25C2E966-284D-449D-96C0-3B17456FDE88}.Debug|x64.ActiveCfg = Debug|Any CPU
		{25C2E966-284D-449D-96C0-3B17456FDE88}.Debug|x64.Build.0 = Debug|Any CPU
		{25C2E966-284D-449D-96C0-3B17456FDE88}.Debug|x86.ActiveCfg = Debug|Any CPU
		{25C2E966-284D-449D-96C0-3B17456FDE88}.Debug|x86.Build.0 = Debug|Any CPU
		{25C2E966-284D-449D-96C0-3B17456FDE88}.Release|Any CPU.ActiveCfg = Release|Any CPU
		{25C2E966-284D-449D-96C0-3B17456FDE88}.Release|Any CPU.Build.0 = Release|Any CPU
		{25C2E966-284D-449D-96C0-3B17456FDE88}.Release|x64.ActiveCfg = Release|Any CPU
		{25C2E966-284D-449D-96C0-3B17456FDE88}.Release|x64.Build.0 = Release|Any CPU
		{25C2E966-284D-449D-96C0-3B17456FDE88}.Release|x86.ActiveCfg = Release|Any CPU
		{25C2E966-284D-449D-96C0-3B17456FDE88}.Release|x86.Build.0 = Release|Any CPU
		{FD98F047-1B96-473B-8B56-D7A41B192E9E}.Debug|Any CPU.ActiveCfg = Debug|Any CPU
		{FD98F047-1B96-473B-8B56-D7A41B192E9E}.Debug|Any CPU.Build.0 = Debug|Any CPU
		{FD98F047-1B96-473B-8B56-D7A41B192E9E}.Debug|x64.ActiveCfg = Debug|Any CPU
		{FD98F047-1B96-473B-8B56-D7A41B192E9E}.Debug|x64.Build.0 = Debug|Any CPU
		{FD98F047-1B96-473B-8B56-D7A41B192E9E}.Debug|x86.ActiveCfg = Debug|Any CPU
		{FD98F047-1B96-473B-8B56-D7A41B192E9E}.Debug|x86.Build.0 = Debug|Any CPU
		{FD98F047-1B96-473B-8B56-D7A41B192E9E}.Release|Any CPU.ActiveCfg = Release|Any CPU
		{FD98F047-1B96-473B-8B56-D7A41B192E9E}.Release|Any CPU.Build.0 = Release|Any CPU
		{FD98F047-1B96-473B-8B56-D7A41B192E9E}.Release|x64.ActiveCfg = Release|Any CPU
		{FD98F047-1B96-473B-8B56-D7A41B192E9E}.Release|x64.Build.0 = Release|Any CPU
		{FD98F047-1B96-473B-8B56-D7A41B192E9E}.Release|x86.ActiveCfg = Release|Any CPU
		{FD98F047-1B96-473B-8B56-D7A41B192E9E}.Release|x86.Build.0 = Release|Any CPU
		{C93D71DB-9928-45E8-AB05-AD088B0FAC99}.Debug|Any CPU.ActiveCfg = Debug|Any CPU
		{C93D71DB-9928-45E8-AB05-AD088B0FAC99}.Debug|Any CPU.Build.0 = Debug|Any CPU
		{C93D71DB-9928-45E8-AB05-AD088B0FAC99}.Debug|x64.ActiveCfg = Debug|Any CPU
		{C93D71DB-9928-45E8-AB05-AD088B0FAC99}.Debug|x64.Build.0 = Debug|Any CPU
		{C93D71DB-9928-45E8-AB05-AD088B0FAC99}.Debug|x86.ActiveCfg = Debug|Any CPU
		{C93D71DB-9928-45E8-AB05-AD088B0FAC99}.Debug|x86.Build.0 = Debug|Any CPU
		{C93D71DB-9928-45E8-AB05-AD088B0FAC99}.Release|Any CPU.ActiveCfg = Release|Any CPU
		{C93D71DB-9928-45E8-AB05-AD088B0FAC99}.Release|Any CPU.Build.0 = Release|Any CPU
		{C93D71DB-9928-45E8-AB05-AD088B0FAC99}.Release|x64.ActiveCfg = Release|Any CPU
		{C93D71DB-9928-45E8-AB05-AD088B0FAC99}.Release|x64.Build.0 = Release|Any CPU
		{C93D71DB-9928-45E8-AB05-AD088B0FAC99}.Release|x86.ActiveCfg = Release|Any CPU
		{C93D71DB-9928-45E8-AB05-AD088B0FAC99}.Release|x86.Build.0 = Release|Any CPU
		{1EBD5EBC-9998-486C-AFF2-8C2FB75ECF35}.Debug|Any CPU.ActiveCfg = Debug|Any CPU
		{1EBD5EBC-9998-486C-AFF2-8C2FB75ECF35}.Debug|Any CPU.Build.0 = Debug|Any CPU
		{1EBD5EBC-9998-486C-AFF2-8C2FB75ECF35}.Debug|x64.ActiveCfg = Debug|Any CPU
		{1EBD5EBC-9998-486C-AFF2-8C2FB75ECF35}.Debug|x64.Build.0 = Debug|Any CPU
		{1EBD5EBC-9998-486C-AFF2-8C2FB75ECF35}.Debug|x86.ActiveCfg = Debug|Any CPU
		{1EBD5EBC-9998-486C-AFF2-8C2FB75ECF35}.Debug|x86.Build.0 = Debug|Any CPU
		{1EBD5EBC-9998-486C-AFF2-8C2FB75ECF35}.Release|Any CPU.ActiveCfg = Release|Any CPU
		{1EBD5EBC-9998-486C-AFF2-8C2FB75ECF35}.Release|Any CPU.Build.0 = Release|Any CPU
		{1EBD5EBC-9998-486C-AFF2-8C2FB75ECF35}.Release|x64.ActiveCfg = Release|Any CPU
		{1EBD5EBC-9998-486C-AFF2-8C2FB75ECF35}.Release|x64.Build.0 = Release|Any CPU
		{1EBD5EBC-9998-486C-AFF2-8C2FB75ECF35}.Release|x86.ActiveCfg = Release|Any CPU
		{1EBD5EBC-9998-486C-AFF2-8C2FB75ECF35}.Release|x86.Build.0 = Release|Any CPU
		{F636ED8D-472F-4354-AAD6-2EAA045AC976}.Debug|Any CPU.ActiveCfg = Debug|Any CPU
		{F636ED8D-472F-4354-AAD6-2EAA045AC976}.Debug|Any CPU.Build.0 = Debug|Any CPU
		{F636ED8D-472F-4354-AAD6-2EAA045AC976}.Debug|x64.ActiveCfg = Debug|Any CPU
		{F636ED8D-472F-4354-AAD6-2EAA045AC976}.Debug|x64.Build.0 = Debug|Any CPU
		{F636ED8D-472F-4354-AAD6-2EAA045AC976}.Debug|x86.ActiveCfg = Debug|Any CPU
		{F636ED8D-472F-4354-AAD6-2EAA045AC976}.Debug|x86.Build.0 = Debug|Any CPU
		{F636ED8D-472F-4354-AAD6-2EAA045AC976}.Release|Any CPU.ActiveCfg = Release|Any CPU
		{F636ED8D-472F-4354-AAD6-2EAA045AC976}.Release|Any CPU.Build.0 = Release|Any CPU
		{F636ED8D-472F-4354-AAD6-2EAA045AC976}.Release|x64.ActiveCfg = Release|Any CPU
		{F636ED8D-472F-4354-AAD6-2EAA045AC976}.Release|x64.Build.0 = Release|Any CPU
		{F636ED8D-472F-4354-AAD6-2EAA045AC976}.Release|x86.ActiveCfg = Release|Any CPU
		{F636ED8D-472F-4354-AAD6-2EAA045AC976}.Release|x86.Build.0 = Release|Any CPU
		{7683910A-7114-4B6D-A695-F65B7CF433D8}.Debug|Any CPU.ActiveCfg = Debug|Any CPU
		{7683910A-7114-4B6D-A695-F65B7CF433D8}.Debug|Any CPU.Build.0 = Debug|Any CPU
		{7683910A-7114-4B6D-A695-F65B7CF433D8}.Debug|x64.ActiveCfg = Debug|Any CPU
		{7683910A-7114-4B6D-A695-F65B7CF433D8}.Debug|x64.Build.0 = Debug|Any CPU
		{7683910A-7114-4B6D-A695-F65B7CF433D8}.Debug|x86.ActiveCfg = Debug|Any CPU
		{7683910A-7114-4B6D-A695-F65B7CF433D8}.Debug|x86.Build.0 = Debug|Any CPU
		{7683910A-7114-4B6D-A695-F65B7CF433D8}.Release|Any CPU.ActiveCfg = Release|Any CPU
		{7683910A-7114-4B6D-A695-F65B7CF433D8}.Release|Any CPU.Build.0 = Release|Any CPU
		{7683910A-7114-4B6D-A695-F65B7CF433D8}.Release|x64.ActiveCfg = Release|Any CPU
		{7683910A-7114-4B6D-A695-F65B7CF433D8}.Release|x64.Build.0 = Release|Any CPU
		{7683910A-7114-4B6D-A695-F65B7CF433D8}.Release|x86.ActiveCfg = Release|Any CPU
		{7683910A-7114-4B6D-A695-F65B7CF433D8}.Release|x86.Build.0 = Release|Any CPU
		{D40A25C7-7DB7-4607-BAB2-3CB63961DD96}.Debug|Any CPU.ActiveCfg = Debug|Any CPU
		{D40A25C7-7DB7-4607-BAB2-3CB63961DD96}.Debug|Any CPU.Build.0 = Debug|Any CPU
		{D40A25C7-7DB7-4607-BAB2-3CB63961DD96}.Debug|x64.ActiveCfg = Debug|Any CPU
		{D40A25C7-7DB7-4607-BAB2-3CB63961DD96}.Debug|x64.Build.0 = Debug|Any CPU
		{D40A25C7-7DB7-4607-BAB2-3CB63961DD96}.Debug|x86.ActiveCfg = Debug|Any CPU
		{D40A25C7-7DB7-4607-BAB2-3CB63961DD96}.Debug|x86.Build.0 = Debug|Any CPU
		{D40A25C7-7DB7-4607-BAB2-3CB63961DD96}.Release|Any CPU.ActiveCfg = Release|Any CPU
		{D40A25C7-7DB7-4607-BAB2-3CB63961DD96}.Release|Any CPU.Build.0 = Release|Any CPU
		{D40A25C7-7DB7-4607-BAB2-3CB63961DD96}.Release|x64.ActiveCfg = Release|Any CPU
		{D40A25C7-7DB7-4607-BAB2-3CB63961DD96}.Release|x64.Build.0 = Release|Any CPU
		{D40A25C7-7DB7-4607-BAB2-3CB63961DD96}.Release|x86.ActiveCfg = Release|Any CPU
		{D40A25C7-7DB7-4607-BAB2-3CB63961DD96}.Release|x86.Build.0 = Release|Any CPU
		{A5364DD5-8A4B-4E9D-B688-2D7BFD0FBF15}.Debug|Any CPU.ActiveCfg = Debug|Any CPU
		{A5364DD5-8A4B-4E9D-B688-2D7BFD0FBF15}.Debug|Any CPU.Build.0 = Debug|Any CPU
		{A5364DD5-8A4B-4E9D-B688-2D7BFD0FBF15}.Debug|x64.ActiveCfg = Debug|Any CPU
		{A5364DD5-8A4B-4E9D-B688-2D7BFD0FBF15}.Debug|x64.Build.0 = Debug|Any CPU
		{A5364DD5-8A4B-4E9D-B688-2D7BFD0FBF15}.Debug|x86.ActiveCfg = Debug|Any CPU
		{A5364DD5-8A4B-4E9D-B688-2D7BFD0FBF15}.Debug|x86.Build.0 = Debug|Any CPU
		{A5364DD5-8A4B-4E9D-B688-2D7BFD0FBF15}.Release|Any CPU.ActiveCfg = Release|Any CPU
		{A5364DD5-8A4B-4E9D-B688-2D7BFD0FBF15}.Release|Any CPU.Build.0 = Release|Any CPU
		{A5364DD5-8A4B-4E9D-B688-2D7BFD0FBF15}.Release|x64.ActiveCfg = Release|Any CPU
		{A5364DD5-8A4B-4E9D-B688-2D7BFD0FBF15}.Release|x64.Build.0 = Release|Any CPU
		{A5364DD5-8A4B-4E9D-B688-2D7BFD0FBF15}.Release|x86.ActiveCfg = Release|Any CPU
		{A5364DD5-8A4B-4E9D-B688-2D7BFD0FBF15}.Release|x86.Build.0 = Release|Any CPU
		{D56F3E05-AF44-4791-9862-F2C3F1E3B04D}.Debug|Any CPU.ActiveCfg = Debug|Any CPU
		{D56F3E05-AF44-4791-9862-F2C3F1E3B04D}.Debug|Any CPU.Build.0 = Debug|Any CPU
		{D56F3E05-AF44-4791-9862-F2C3F1E3B04D}.Debug|x64.ActiveCfg = Debug|Any CPU
		{D56F3E05-AF44-4791-9862-F2C3F1E3B04D}.Debug|x64.Build.0 = Debug|Any CPU
		{D56F3E05-AF44-4791-9862-F2C3F1E3B04D}.Debug|x86.ActiveCfg = Debug|Any CPU
		{D56F3E05-AF44-4791-9862-F2C3F1E3B04D}.Debug|x86.Build.0 = Debug|Any CPU
		{D56F3E05-AF44-4791-9862-F2C3F1E3B04D}.Release|Any CPU.ActiveCfg = Release|Any CPU
		{D56F3E05-AF44-4791-9862-F2C3F1E3B04D}.Release|Any CPU.Build.0 = Release|Any CPU
		{D56F3E05-AF44-4791-9862-F2C3F1E3B04D}.Release|x64.ActiveCfg = Release|Any CPU
		{D56F3E05-AF44-4791-9862-F2C3F1E3B04D}.Release|x64.Build.0 = Release|Any CPU
		{D56F3E05-AF44-4791-9862-F2C3F1E3B04D}.Release|x86.ActiveCfg = Release|Any CPU
		{D56F3E05-AF44-4791-9862-F2C3F1E3B04D}.Release|x86.Build.0 = Release|Any CPU
		{46025930-64DA-4CFC-A257-FEF8D8D91652}.Debug|Any CPU.ActiveCfg = Debug|Any CPU
		{46025930-64DA-4CFC-A257-FEF8D8D91652}.Debug|Any CPU.Build.0 = Debug|Any CPU
		{46025930-64DA-4CFC-A257-FEF8D8D91652}.Debug|x64.ActiveCfg = Debug|Any CPU
		{46025930-64DA-4CFC-A257-FEF8D8D91652}.Debug|x64.Build.0 = Debug|Any CPU
		{46025930-64DA-4CFC-A257-FEF8D8D91652}.Debug|x86.ActiveCfg = Debug|Any CPU
		{46025930-64DA-4CFC-A257-FEF8D8D91652}.Debug|x86.Build.0 = Debug|Any CPU
		{46025930-64DA-4CFC-A257-FEF8D8D91652}.Release|Any CPU.ActiveCfg = Release|Any CPU
		{46025930-64DA-4CFC-A257-FEF8D8D91652}.Release|Any CPU.Build.0 = Release|Any CPU
		{46025930-64DA-4CFC-A257-FEF8D8D91652}.Release|x64.ActiveCfg = Release|Any CPU
		{46025930-64DA-4CFC-A257-FEF8D8D91652}.Release|x64.Build.0 = Release|Any CPU
		{46025930-64DA-4CFC-A257-FEF8D8D91652}.Release|x86.ActiveCfg = Release|Any CPU
		{46025930-64DA-4CFC-A257-FEF8D8D91652}.Release|x86.Build.0 = Release|Any CPU
		{CB614173-9DF7-4AF1-AB7A-6E2499B87BD2}.Debug|Any CPU.ActiveCfg = Debug|Any CPU
		{CB614173-9DF7-4AF1-AB7A-6E2499B87BD2}.Debug|Any CPU.Build.0 = Debug|Any CPU
		{CB614173-9DF7-4AF1-AB7A-6E2499B87BD2}.Debug|x64.ActiveCfg = Debug|Any CPU
		{CB614173-9DF7-4AF1-AB7A-6E2499B87BD2}.Debug|x64.Build.0 = Debug|Any CPU
		{CB614173-9DF7-4AF1-AB7A-6E2499B87BD2}.Debug|x86.ActiveCfg = Debug|Any CPU
		{CB614173-9DF7-4AF1-AB7A-6E2499B87BD2}.Debug|x86.Build.0 = Debug|Any CPU
		{CB614173-9DF7-4AF1-AB7A-6E2499B87BD2}.Release|Any CPU.ActiveCfg = Release|Any CPU
		{CB614173-9DF7-4AF1-AB7A-6E2499B87BD2}.Release|Any CPU.Build.0 = Release|Any CPU
		{CB614173-9DF7-4AF1-AB7A-6E2499B87BD2}.Release|x64.ActiveCfg = Release|Any CPU
		{CB614173-9DF7-4AF1-AB7A-6E2499B87BD2}.Release|x64.Build.0 = Release|Any CPU
		{CB614173-9DF7-4AF1-AB7A-6E2499B87BD2}.Release|x86.ActiveCfg = Release|Any CPU
		{CB614173-9DF7-4AF1-AB7A-6E2499B87BD2}.Release|x86.Build.0 = Release|Any CPU
		{5EFE9DAF-5D99-455A-BF66-13D340F96212}.Debug|Any CPU.ActiveCfg = Debug|Any CPU
		{5EFE9DAF-5D99-455A-BF66-13D340F96212}.Debug|Any CPU.Build.0 = Debug|Any CPU
		{5EFE9DAF-5D99-455A-BF66-13D340F96212}.Debug|x64.ActiveCfg = Debug|Any CPU
		{5EFE9DAF-5D99-455A-BF66-13D340F96212}.Debug|x64.Build.0 = Debug|Any CPU
		{5EFE9DAF-5D99-455A-BF66-13D340F96212}.Debug|x86.ActiveCfg = Debug|Any CPU
		{5EFE9DAF-5D99-455A-BF66-13D340F96212}.Debug|x86.Build.0 = Debug|Any CPU
		{5EFE9DAF-5D99-455A-BF66-13D340F96212}.Release|Any CPU.ActiveCfg = Release|Any CPU
		{5EFE9DAF-5D99-455A-BF66-13D340F96212}.Release|Any CPU.Build.0 = Release|Any CPU
		{5EFE9DAF-5D99-455A-BF66-13D340F96212}.Release|x64.ActiveCfg = Release|Any CPU
		{5EFE9DAF-5D99-455A-BF66-13D340F96212}.Release|x64.Build.0 = Release|Any CPU
		{5EFE9DAF-5D99-455A-BF66-13D340F96212}.Release|x86.ActiveCfg = Release|Any CPU
		{5EFE9DAF-5D99-455A-BF66-13D340F96212}.Release|x86.Build.0 = Release|Any CPU
		{939D68F7-BEDA-4FF4-8D89-A3E38697D3AC}.Debug|Any CPU.ActiveCfg = Debug|Any CPU
		{939D68F7-BEDA-4FF4-8D89-A3E38697D3AC}.Debug|Any CPU.Build.0 = Debug|Any CPU
		{939D68F7-BEDA-4FF4-8D89-A3E38697D3AC}.Debug|x64.ActiveCfg = Debug|Any CPU
		{939D68F7-BEDA-4FF4-8D89-A3E38697D3AC}.Debug|x64.Build.0 = Debug|Any CPU
		{939D68F7-BEDA-4FF4-8D89-A3E38697D3AC}.Debug|x86.ActiveCfg = Debug|Any CPU
		{939D68F7-BEDA-4FF4-8D89-A3E38697D3AC}.Debug|x86.Build.0 = Debug|Any CPU
		{939D68F7-BEDA-4FF4-8D89-A3E38697D3AC}.Release|Any CPU.ActiveCfg = Release|Any CPU
		{939D68F7-BEDA-4FF4-8D89-A3E38697D3AC}.Release|Any CPU.Build.0 = Release|Any CPU
		{939D68F7-BEDA-4FF4-8D89-A3E38697D3AC}.Release|x64.ActiveCfg = Release|Any CPU
		{939D68F7-BEDA-4FF4-8D89-A3E38697D3AC}.Release|x64.Build.0 = Release|Any CPU
		{939D68F7-BEDA-4FF4-8D89-A3E38697D3AC}.Release|x86.ActiveCfg = Release|Any CPU
		{939D68F7-BEDA-4FF4-8D89-A3E38697D3AC}.Release|x86.Build.0 = Release|Any CPU
		{D42BEA9D-CC3C-447B-91D8-8BBE2C67B4BC}.Debug|Any CPU.ActiveCfg = Debug|Any CPU
		{D42BEA9D-CC3C-447B-91D8-8BBE2C67B4BC}.Debug|Any CPU.Build.0 = Debug|Any CPU
		{D42BEA9D-CC3C-447B-91D8-8BBE2C67B4BC}.Debug|x64.ActiveCfg = Debug|Any CPU
		{D42BEA9D-CC3C-447B-91D8-8BBE2C67B4BC}.Debug|x64.Build.0 = Debug|Any CPU
		{D42BEA9D-CC3C-447B-91D8-8BBE2C67B4BC}.Debug|x86.ActiveCfg = Debug|Any CPU
		{D42BEA9D-CC3C-447B-91D8-8BBE2C67B4BC}.Debug|x86.Build.0 = Debug|Any CPU
		{D42BEA9D-CC3C-447B-91D8-8BBE2C67B4BC}.Release|Any CPU.ActiveCfg = Release|Any CPU
		{D42BEA9D-CC3C-447B-91D8-8BBE2C67B4BC}.Release|Any CPU.Build.0 = Release|Any CPU
		{D42BEA9D-CC3C-447B-91D8-8BBE2C67B4BC}.Release|x64.ActiveCfg = Release|Any CPU
		{D42BEA9D-CC3C-447B-91D8-8BBE2C67B4BC}.Release|x64.Build.0 = Release|Any CPU
		{D42BEA9D-CC3C-447B-91D8-8BBE2C67B4BC}.Release|x86.ActiveCfg = Release|Any CPU
		{D42BEA9D-CC3C-447B-91D8-8BBE2C67B4BC}.Release|x86.Build.0 = Release|Any CPU
		{773793F4-8B43-421F-B886-4487250EE94A}.Debug|Any CPU.ActiveCfg = Debug|Any CPU
		{773793F4-8B43-421F-B886-4487250EE94A}.Debug|Any CPU.Build.0 = Debug|Any CPU
		{773793F4-8B43-421F-B886-4487250EE94A}.Debug|x64.ActiveCfg = Debug|Any CPU
		{773793F4-8B43-421F-B886-4487250EE94A}.Debug|x64.Build.0 = Debug|Any CPU
		{773793F4-8B43-421F-B886-4487250EE94A}.Debug|x86.ActiveCfg = Debug|Any CPU
		{773793F4-8B43-421F-B886-4487250EE94A}.Debug|x86.Build.0 = Debug|Any CPU
		{773793F4-8B43-421F-B886-4487250EE94A}.Release|Any CPU.ActiveCfg = Release|Any CPU
		{773793F4-8B43-421F-B886-4487250EE94A}.Release|Any CPU.Build.0 = Release|Any CPU
		{773793F4-8B43-421F-B886-4487250EE94A}.Release|x64.ActiveCfg = Release|Any CPU
		{773793F4-8B43-421F-B886-4487250EE94A}.Release|x64.Build.0 = Release|Any CPU
		{773793F4-8B43-421F-B886-4487250EE94A}.Release|x86.ActiveCfg = Release|Any CPU
		{773793F4-8B43-421F-B886-4487250EE94A}.Release|x86.Build.0 = Release|Any CPU
		{069E5796-B6EA-47A3-8430-FE906D0D8E22}.Debug|Any CPU.ActiveCfg = Debug|Any CPU
		{069E5796-B6EA-47A3-8430-FE906D0D8E22}.Debug|Any CPU.Build.0 = Debug|Any CPU
		{069E5796-B6EA-47A3-8430-FE906D0D8E22}.Debug|x64.ActiveCfg = Debug|Any CPU
		{069E5796-B6EA-47A3-8430-FE906D0D8E22}.Debug|x64.Build.0 = Debug|Any CPU
		{069E5796-B6EA-47A3-8430-FE906D0D8E22}.Debug|x86.ActiveCfg = Debug|Any CPU
		{069E5796-B6EA-47A3-8430-FE906D0D8E22}.Debug|x86.Build.0 = Debug|Any CPU
		{069E5796-B6EA-47A3-8430-FE906D0D8E22}.Release|Any CPU.ActiveCfg = Release|Any CPU
		{069E5796-B6EA-47A3-8430-FE906D0D8E22}.Release|Any CPU.Build.0 = Release|Any CPU
		{069E5796-B6EA-47A3-8430-FE906D0D8E22}.Release|x64.ActiveCfg = Release|Any CPU
		{069E5796-B6EA-47A3-8430-FE906D0D8E22}.Release|x64.Build.0 = Release|Any CPU
		{069E5796-B6EA-47A3-8430-FE906D0D8E22}.Release|x86.ActiveCfg = Release|Any CPU
		{069E5796-B6EA-47A3-8430-FE906D0D8E22}.Release|x86.Build.0 = Release|Any CPU
		{F9B8ECC4-517B-415C-8D63-2F323705B236}.Debug|Any CPU.ActiveCfg = Debug|Any CPU
		{F9B8ECC4-517B-415C-8D63-2F323705B236}.Debug|Any CPU.Build.0 = Debug|Any CPU
		{F9B8ECC4-517B-415C-8D63-2F323705B236}.Debug|x64.ActiveCfg = Debug|Any CPU
		{F9B8ECC4-517B-415C-8D63-2F323705B236}.Debug|x64.Build.0 = Debug|Any CPU
		{F9B8ECC4-517B-415C-8D63-2F323705B236}.Debug|x86.ActiveCfg = Debug|Any CPU
		{F9B8ECC4-517B-415C-8D63-2F323705B236}.Debug|x86.Build.0 = Debug|Any CPU
		{F9B8ECC4-517B-415C-8D63-2F323705B236}.Release|Any CPU.ActiveCfg = Release|Any CPU
		{F9B8ECC4-517B-415C-8D63-2F323705B236}.Release|Any CPU.Build.0 = Release|Any CPU
		{F9B8ECC4-517B-415C-8D63-2F323705B236}.Release|x64.ActiveCfg = Release|Any CPU
		{F9B8ECC4-517B-415C-8D63-2F323705B236}.Release|x64.Build.0 = Release|Any CPU
		{F9B8ECC4-517B-415C-8D63-2F323705B236}.Release|x86.ActiveCfg = Release|Any CPU
		{F9B8ECC4-517B-415C-8D63-2F323705B236}.Release|x86.Build.0 = Release|Any CPU
		{27BE51B1-B11A-47AC-BD7E-D1AE9AD80D6D}.Debug|Any CPU.ActiveCfg = Debug|Any CPU
		{27BE51B1-B11A-47AC-BD7E-D1AE9AD80D6D}.Debug|Any CPU.Build.0 = Debug|Any CPU
		{27BE51B1-B11A-47AC-BD7E-D1AE9AD80D6D}.Debug|x64.ActiveCfg = Debug|Any CPU
		{27BE51B1-B11A-47AC-BD7E-D1AE9AD80D6D}.Debug|x64.Build.0 = Debug|Any CPU
		{27BE51B1-B11A-47AC-BD7E-D1AE9AD80D6D}.Debug|x86.ActiveCfg = Debug|Any CPU
		{27BE51B1-B11A-47AC-BD7E-D1AE9AD80D6D}.Debug|x86.Build.0 = Debug|Any CPU
		{27BE51B1-B11A-47AC-BD7E-D1AE9AD80D6D}.Release|Any CPU.ActiveCfg = Release|Any CPU
		{27BE51B1-B11A-47AC-BD7E-D1AE9AD80D6D}.Release|Any CPU.Build.0 = Release|Any CPU
		{27BE51B1-B11A-47AC-BD7E-D1AE9AD80D6D}.Release|x64.ActiveCfg = Release|Any CPU
		{27BE51B1-B11A-47AC-BD7E-D1AE9AD80D6D}.Release|x64.Build.0 = Release|Any CPU
		{27BE51B1-B11A-47AC-BD7E-D1AE9AD80D6D}.Release|x86.ActiveCfg = Release|Any CPU
		{27BE51B1-B11A-47AC-BD7E-D1AE9AD80D6D}.Release|x86.Build.0 = Release|Any CPU
		{630D48DD-5755-49F8-88DC-A5E5B0AFF8C7}.Debug|Any CPU.ActiveCfg = Debug|Any CPU
		{630D48DD-5755-49F8-88DC-A5E5B0AFF8C7}.Debug|Any CPU.Build.0 = Debug|Any CPU
		{630D48DD-5755-49F8-88DC-A5E5B0AFF8C7}.Debug|x64.ActiveCfg = Debug|Any CPU
		{630D48DD-5755-49F8-88DC-A5E5B0AFF8C7}.Debug|x64.Build.0 = Debug|Any CPU
		{630D48DD-5755-49F8-88DC-A5E5B0AFF8C7}.Debug|x86.ActiveCfg = Debug|Any CPU
		{630D48DD-5755-49F8-88DC-A5E5B0AFF8C7}.Debug|x86.Build.0 = Debug|Any CPU
		{630D48DD-5755-49F8-88DC-A5E5B0AFF8C7}.Release|Any CPU.ActiveCfg = Release|Any CPU
		{630D48DD-5755-49F8-88DC-A5E5B0AFF8C7}.Release|Any CPU.Build.0 = Release|Any CPU
		{630D48DD-5755-49F8-88DC-A5E5B0AFF8C7}.Release|x64.ActiveCfg = Release|Any CPU
		{630D48DD-5755-49F8-88DC-A5E5B0AFF8C7}.Release|x64.Build.0 = Release|Any CPU
		{630D48DD-5755-49F8-88DC-A5E5B0AFF8C7}.Release|x86.ActiveCfg = Release|Any CPU
		{630D48DD-5755-49F8-88DC-A5E5B0AFF8C7}.Release|x86.Build.0 = Release|Any CPU
		{B712FF8F-56EC-4450-A7AB-F7F3C451F11B}.Debug|Any CPU.ActiveCfg = Debug|Any CPU
		{B712FF8F-56EC-4450-A7AB-F7F3C451F11B}.Debug|Any CPU.Build.0 = Debug|Any CPU
		{B712FF8F-56EC-4450-A7AB-F7F3C451F11B}.Debug|x64.ActiveCfg = Debug|Any CPU
		{B712FF8F-56EC-4450-A7AB-F7F3C451F11B}.Debug|x64.Build.0 = Debug|Any CPU
		{B712FF8F-56EC-4450-A7AB-F7F3C451F11B}.Debug|x86.ActiveCfg = Debug|Any CPU
		{B712FF8F-56EC-4450-A7AB-F7F3C451F11B}.Debug|x86.Build.0 = Debug|Any CPU
		{B712FF8F-56EC-4450-A7AB-F7F3C451F11B}.Release|Any CPU.ActiveCfg = Release|Any CPU
		{B712FF8F-56EC-4450-A7AB-F7F3C451F11B}.Release|Any CPU.Build.0 = Release|Any CPU
		{B712FF8F-56EC-4450-A7AB-F7F3C451F11B}.Release|x64.ActiveCfg = Release|Any CPU
		{B712FF8F-56EC-4450-A7AB-F7F3C451F11B}.Release|x64.Build.0 = Release|Any CPU
		{B712FF8F-56EC-4450-A7AB-F7F3C451F11B}.Release|x86.ActiveCfg = Release|Any CPU
		{B712FF8F-56EC-4450-A7AB-F7F3C451F11B}.Release|x86.Build.0 = Release|Any CPU
		{AF665255-16D4-4BAD-9B52-23B3EACDE2A9}.Debug|Any CPU.ActiveCfg = Debug|Any CPU
		{AF665255-16D4-4BAD-9B52-23B3EACDE2A9}.Debug|Any CPU.Build.0 = Debug|Any CPU
		{AF665255-16D4-4BAD-9B52-23B3EACDE2A9}.Debug|x64.ActiveCfg = Debug|Any CPU
		{AF665255-16D4-4BAD-9B52-23B3EACDE2A9}.Debug|x64.Build.0 = Debug|Any CPU
		{AF665255-16D4-4BAD-9B52-23B3EACDE2A9}.Debug|x86.ActiveCfg = Debug|Any CPU
		{AF665255-16D4-4BAD-9B52-23B3EACDE2A9}.Debug|x86.Build.0 = Debug|Any CPU
		{AF665255-16D4-4BAD-9B52-23B3EACDE2A9}.Release|Any CPU.ActiveCfg = Release|Any CPU
		{AF665255-16D4-4BAD-9B52-23B3EACDE2A9}.Release|Any CPU.Build.0 = Release|Any CPU
		{AF665255-16D4-4BAD-9B52-23B3EACDE2A9}.Release|x64.ActiveCfg = Release|Any CPU
		{AF665255-16D4-4BAD-9B52-23B3EACDE2A9}.Release|x64.Build.0 = Release|Any CPU
		{AF665255-16D4-4BAD-9B52-23B3EACDE2A9}.Release|x86.ActiveCfg = Release|Any CPU
		{AF665255-16D4-4BAD-9B52-23B3EACDE2A9}.Release|x86.Build.0 = Release|Any CPU
		{F511B017-3AE1-4852-A0F8-6D4C4EA3A6A9}.Debug|Any CPU.ActiveCfg = Debug|Any CPU
		{F511B017-3AE1-4852-A0F8-6D4C4EA3A6A9}.Debug|Any CPU.Build.0 = Debug|Any CPU
		{F511B017-3AE1-4852-A0F8-6D4C4EA3A6A9}.Debug|x64.ActiveCfg = Debug|Any CPU
		{F511B017-3AE1-4852-A0F8-6D4C4EA3A6A9}.Debug|x64.Build.0 = Debug|Any CPU
		{F511B017-3AE1-4852-A0F8-6D4C4EA3A6A9}.Debug|x86.ActiveCfg = Debug|Any CPU
		{F511B017-3AE1-4852-A0F8-6D4C4EA3A6A9}.Debug|x86.Build.0 = Debug|Any CPU
		{F511B017-3AE1-4852-A0F8-6D4C4EA3A6A9}.Release|Any CPU.ActiveCfg = Release|Any CPU
		{F511B017-3AE1-4852-A0F8-6D4C4EA3A6A9}.Release|Any CPU.Build.0 = Release|Any CPU
		{F511B017-3AE1-4852-A0F8-6D4C4EA3A6A9}.Release|x64.ActiveCfg = Release|Any CPU
		{F511B017-3AE1-4852-A0F8-6D4C4EA3A6A9}.Release|x64.Build.0 = Release|Any CPU
		{F511B017-3AE1-4852-A0F8-6D4C4EA3A6A9}.Release|x86.ActiveCfg = Release|Any CPU
		{F511B017-3AE1-4852-A0F8-6D4C4EA3A6A9}.Release|x86.Build.0 = Release|Any CPU
		{F277AD06-2215-446F-9AA9-C83B4AD18E6F}.Debug|Any CPU.ActiveCfg = Debug|Any CPU
		{F277AD06-2215-446F-9AA9-C83B4AD18E6F}.Debug|Any CPU.Build.0 = Debug|Any CPU
		{F277AD06-2215-446F-9AA9-C83B4AD18E6F}.Debug|x64.ActiveCfg = Debug|Any CPU
		{F277AD06-2215-446F-9AA9-C83B4AD18E6F}.Debug|x64.Build.0 = Debug|Any CPU
		{F277AD06-2215-446F-9AA9-C83B4AD18E6F}.Debug|x86.ActiveCfg = Debug|Any CPU
		{F277AD06-2215-446F-9AA9-C83B4AD18E6F}.Debug|x86.Build.0 = Debug|Any CPU
		{F277AD06-2215-446F-9AA9-C83B4AD18E6F}.Release|Any CPU.ActiveCfg = Release|Any CPU
		{F277AD06-2215-446F-9AA9-C83B4AD18E6F}.Release|Any CPU.Build.0 = Release|Any CPU
		{F277AD06-2215-446F-9AA9-C83B4AD18E6F}.Release|x64.ActiveCfg = Release|Any CPU
		{F277AD06-2215-446F-9AA9-C83B4AD18E6F}.Release|x64.Build.0 = Release|Any CPU
		{F277AD06-2215-446F-9AA9-C83B4AD18E6F}.Release|x86.ActiveCfg = Release|Any CPU
		{F277AD06-2215-446F-9AA9-C83B4AD18E6F}.Release|x86.Build.0 = Release|Any CPU
		{70325A4E-0D19-4EAE-9CBF-B5F0E6340B0B}.Debug|Any CPU.ActiveCfg = Debug|Any CPU
		{70325A4E-0D19-4EAE-9CBF-B5F0E6340B0B}.Debug|Any CPU.Build.0 = Debug|Any CPU
		{70325A4E-0D19-4EAE-9CBF-B5F0E6340B0B}.Debug|x64.ActiveCfg = Debug|Any CPU
		{70325A4E-0D19-4EAE-9CBF-B5F0E6340B0B}.Debug|x64.Build.0 = Debug|Any CPU
		{70325A4E-0D19-4EAE-9CBF-B5F0E6340B0B}.Debug|x86.ActiveCfg = Debug|Any CPU
		{70325A4E-0D19-4EAE-9CBF-B5F0E6340B0B}.Debug|x86.Build.0 = Debug|Any CPU
		{70325A4E-0D19-4EAE-9CBF-B5F0E6340B0B}.Release|Any CPU.ActiveCfg = Release|Any CPU
		{70325A4E-0D19-4EAE-9CBF-B5F0E6340B0B}.Release|Any CPU.Build.0 = Release|Any CPU
		{70325A4E-0D19-4EAE-9CBF-B5F0E6340B0B}.Release|x64.ActiveCfg = Release|Any CPU
		{70325A4E-0D19-4EAE-9CBF-B5F0E6340B0B}.Release|x64.Build.0 = Release|Any CPU
		{70325A4E-0D19-4EAE-9CBF-B5F0E6340B0B}.Release|x86.ActiveCfg = Release|Any CPU
		{70325A4E-0D19-4EAE-9CBF-B5F0E6340B0B}.Release|x86.Build.0 = Release|Any CPU
		{EE54D159-9E66-416B-9D59-9F5CC1323A05}.Debug|Any CPU.ActiveCfg = Debug|Any CPU
		{EE54D159-9E66-416B-9D59-9F5CC1323A05}.Debug|Any CPU.Build.0 = Debug|Any CPU
		{EE54D159-9E66-416B-9D59-9F5CC1323A05}.Debug|x64.ActiveCfg = Debug|Any CPU
		{EE54D159-9E66-416B-9D59-9F5CC1323A05}.Debug|x64.Build.0 = Debug|Any CPU
		{EE54D159-9E66-416B-9D59-9F5CC1323A05}.Debug|x86.ActiveCfg = Debug|Any CPU
		{EE54D159-9E66-416B-9D59-9F5CC1323A05}.Debug|x86.Build.0 = Debug|Any CPU
		{EE54D159-9E66-416B-9D59-9F5CC1323A05}.Release|Any CPU.ActiveCfg = Release|Any CPU
		{EE54D159-9E66-416B-9D59-9F5CC1323A05}.Release|Any CPU.Build.0 = Release|Any CPU
		{EE54D159-9E66-416B-9D59-9F5CC1323A05}.Release|x64.ActiveCfg = Release|Any CPU
		{EE54D159-9E66-416B-9D59-9F5CC1323A05}.Release|x64.Build.0 = Release|Any CPU
		{EE54D159-9E66-416B-9D59-9F5CC1323A05}.Release|x86.ActiveCfg = Release|Any CPU
		{EE54D159-9E66-416B-9D59-9F5CC1323A05}.Release|x86.Build.0 = Release|Any CPU
		{517C94D2-2942-4D00-9003-DDA4E7785155}.Debug|Any CPU.ActiveCfg = Debug|Any CPU
		{517C94D2-2942-4D00-9003-DDA4E7785155}.Debug|Any CPU.Build.0 = Debug|Any CPU
		{517C94D2-2942-4D00-9003-DDA4E7785155}.Debug|x64.ActiveCfg = Debug|Any CPU
		{517C94D2-2942-4D00-9003-DDA4E7785155}.Debug|x64.Build.0 = Debug|Any CPU
		{517C94D2-2942-4D00-9003-DDA4E7785155}.Debug|x86.ActiveCfg = Debug|Any CPU
		{517C94D2-2942-4D00-9003-DDA4E7785155}.Debug|x86.Build.0 = Debug|Any CPU
		{517C94D2-2942-4D00-9003-DDA4E7785155}.Release|Any CPU.ActiveCfg = Release|Any CPU
		{517C94D2-2942-4D00-9003-DDA4E7785155}.Release|Any CPU.Build.0 = Release|Any CPU
		{517C94D2-2942-4D00-9003-DDA4E7785155}.Release|x64.ActiveCfg = Release|Any CPU
		{517C94D2-2942-4D00-9003-DDA4E7785155}.Release|x64.Build.0 = Release|Any CPU
		{517C94D2-2942-4D00-9003-DDA4E7785155}.Release|x86.ActiveCfg = Release|Any CPU
		{517C94D2-2942-4D00-9003-DDA4E7785155}.Release|x86.Build.0 = Release|Any CPU
	EndGlobalSection
	GlobalSection(SolutionProperties) = preSolution
		HideSolutionNode = FALSE
	EndGlobalSection
	GlobalSection(NestedProjects) = preSolution
		{630D48DD-5755-49F8-88DC-A5E5B0AFF8C7} = {827E0CD3-B72D-47B6-A68D-7590B98EB39B}
		{B712FF8F-56EC-4450-A7AB-F7F3C451F11B} = {0AB3BF05-4346-4AA6-1389-037BE0695223}
		{AF665255-16D4-4BAD-9B52-23B3EACDE2A9} = {827E0CD3-B72D-47B6-A68D-7590B98EB39B}
		{F511B017-3AE1-4852-A0F8-6D4C4EA3A6A9} = {0AB3BF05-4346-4AA6-1389-037BE0695223}
		{F277AD06-2215-446F-9AA9-C83B4AD18E6F} = {827E0CD3-B72D-47B6-A68D-7590B98EB39B}
		{70325A4E-0D19-4EAE-9CBF-B5F0E6340B0B} = {0AB3BF05-4346-4AA6-1389-037BE0695223}
		{EE54D159-9E66-416B-9D59-9F5CC1323A05} = {827E0CD3-B72D-47B6-A68D-7590B98EB39B}
		{517C94D2-2942-4D00-9003-DDA4E7785155} = {0AB3BF05-4346-4AA6-1389-037BE0695223}
	EndGlobalSection
	GlobalSection(ExtensibilityGlobals) = postSolution
		SolutionGuid = {800A06E3-2498-445E-A515-7CF26A36503F}
	EndGlobalSection
EndGlobal
