
Microsoft Visual Studio Solution File, Format Version 12.00
# Visual Studio Version 17
VisualStudioVersion = 17.11.35312.102
MinimumVisualStudioVersion = 10.0.40219.1
Project("{1ABC0F8E-8078-4FB9-8950-2D6CA1383AED}") = "Example.Api.Tests.Component.LightBDD.xUnit2", "tests\Example.Api.Tests.Component.LightBDD.xUnit2\Example.Api.Tests.Component.LightBDD.xUnit2.csproj", "{FB2DF310-D838-4347-8377-16501F72B396}"
EndProject
Project("{1ABC0F8E-8078-4FB9-8950-2D6CA1383AED}") = "Example.Api", "src\Example.Api\Example.Api.csproj", "{5DFEF9BB-0694-4948-9CCF-0AB5C378F4F7}"
EndProject
Project("{1ABC0F8E-8078-4FB9-8950-2D6CA1383AED}") = "Example.Api.Tests.Component.NUnit4", "tests\Example.Api.Tests.Component.NUnit4\Example.Api.Tests.Component.NUnit4.csproj", "{C4F6DEDF-ACA7-4345-BD7A-21F1EDD919E1}"
EndProject
Project("{1ABC0F8E-8078-4FB9-8950-2D6CA1383AED}") = "Example.Api.Tests.Component.Shared", "tests\Example.Api.Tests.Component.Shared\Example.Api.Tests.Component.Shared.csproj", "{AA8FF7CE-2116-4645-B006-4130E9CE2C58}"
EndProject
Project("{1ABC0F8E-8078-4FB9-8950-2D6CA1383AED}") = "Example.Api.Tests.Component.XUnit", "tests\Example.Api.Tests.Component.XUnit\Example.Api.Tests.Component.XUnit.csproj", "{2E0A0A72-E1AD-47B8-87A7-093C7223696C}"
EndProject
Project("{1ABC0F8E-8078-4FB9-8950-2D6CA1383AED}") = "Example.Api.HttpFakes.CowService", "fakes\Example.Api.HttpFakes.CowService\Example.Api.HttpFakes.CowService.csproj", "{7DDA9D00-FD6E-4237-B597-54151F0CBE3B}"
EndProject
Project("{2150E333-8FDC-42A3-9474-1A3956D46DE8}") = "tests", "tests", "{0AB3BF05-4346-4AA6-1389-037BE0695223}"
EndProject
Project("{FAE04EC0-301F-11D3-BF4B-00C04F79EFBC}") = "Example.Api.Tests.Component.ReqNRoll.xUnit3", "tests\Example.Api.Tests.Component.ReqNRoll.xUnit3\Example.Api.Tests.Component.ReqNRoll.xUnit3.csproj", "{9E6EABC0-0713-4FC0-8622-3DE2F9704EF3}"
EndProject
Project("{FAE04EC0-301F-11D3-BF4B-00C04F79EFBC}") = "TestTrackingDiagrams.ReqNRoll.xUnit3", "..\TestTrackingDiagrams.ReqNRoll.xUnit3\TestTrackingDiagrams.ReqNRoll.xUnit3.csproj", "{59344CC4-723C-4F67-8CA5-1BCBF2C14028}"
EndProject
Project("{FAE04EC0-301F-11D3-BF4B-00C04F79EFBC}") = "TestTrackingDiagrams", "..\TestTrackingDiagrams\TestTrackingDiagrams.csproj", "{43AB6A66-331F-4BCF-90EB-12A0B2D9329A}"
EndProject
Project("{FAE04EC0-301F-11D3-BF4B-00C04F79EFBC}") = "Example.Api.Tests.Component.ReqNRoll.xUnit2", "tests\Example.Api.Tests.Component.ReqNRoll.xUnit2\Example.Api.Tests.Component.ReqNRoll.xUnit2.csproj", "{D4F704DB-89F9-4A49-90F9-477A8193E70A}"
EndProject
Project("{FAE04EC0-301F-11D3-BF4B-00C04F79EFBC}") = "TestTrackingDiagrams.ReqNRoll.xUnit2", "..\TestTrackingDiagrams.ReqNRoll.xUnit2\TestTrackingDiagrams.ReqNRoll.xUnit2.csproj", "{6AE641B7-6868-43FB-81EB-CDEBEB93CB99}"
EndProject
Project("{FAE04EC0-301F-11D3-BF4B-00C04F79EFBC}") = "Example.Api.Tests.Component.BDDfy.xUnit3", "tests\Example.Api.Tests.Component.BDDfy.xUnit3\Example.Api.Tests.Component.BDDfy.xUnit3.csproj", "{D58BAAB5-A2A2-4510-851E-5DE9322CA161}"
EndProject
Project("{FAE04EC0-301F-11D3-BF4B-00C04F79EFBC}") = "TestTrackingDiagrams.BDDfy.xUnit3", "..\TestTrackingDiagrams.BDDfy.xUnit3\TestTrackingDiagrams.BDDfy.xUnit3.csproj", "{E90B0ED1-ED0A-4210-BD70-4DFA7AD026CC}"
EndProject
Project("{FAE04EC0-301F-11D3-BF4B-00C04F79EFBC}") = "TestTrackingDiagrams.LightBDD.xUnit2", "..\TestTrackingDiagrams.LightBDD.xUnit2\TestTrackingDiagrams.LightBDD.xUnit2.csproj", "{7C979AD7-6CBE-4C61-ADFA-C7827A48C1D9}"
EndProject
Project("{FAE04EC0-301F-11D3-BF4B-00C04F79EFBC}") = "TestTrackingDiagrams.NUnit4", "..\TestTrackingDiagrams.NUnit4\TestTrackingDiagrams.NUnit4.csproj", "{57117522-8940-40E0-A9E6-EAFD9E54A076}"
EndProject
Global
	GlobalSection(SolutionConfigurationPlatforms) = preSolution
		Debug|Any CPU = Debug|Any CPU
		Debug|x64 = Debug|x64
		Debug|x86 = Debug|x86
		Release|Any CPU = Release|Any CPU
		Release|x64 = Release|x64
		Release|x86 = Release|x86
	EndGlobalSection
	GlobalSection(ProjectConfigurationPlatforms) = postSolution
		{FB2DF310-D838-4347-8377-16501F72B396}.Debug|Any CPU.ActiveCfg = Debug|Any CPU
		{FB2DF310-D838-4347-8377-16501F72B396}.Debug|Any CPU.Build.0 = Debug|Any CPU
		{FB2DF310-D838-4347-8377-16501F72B396}.Debug|x64.ActiveCfg = Debug|x64
		{FB2DF310-D838-4347-8377-16501F72B396}.Debug|x64.Build.0 = Debug|x64
		{FB2DF310-D838-4347-8377-16501F72B396}.Debug|x86.ActiveCfg = Debug|x86
		{FB2DF310-D838-4347-8377-16501F72B396}.Debug|x86.Build.0 = Debug|x86
		{FB2DF310-D838-4347-8377-16501F72B396}.Release|Any CPU.ActiveCfg = Release|Any CPU
		{FB2DF310-D838-4347-8377-16501F72B396}.Release|Any CPU.Build.0 = Release|Any CPU
		{FB2DF310-D838-4347-8377-16501F72B396}.Release|x64.ActiveCfg = Release|x64
		{FB2DF310-D838-4347-8377-16501F72B396}.Release|x64.Build.0 = Release|x64
		{FB2DF310-D838-4347-8377-16501F72B396}.Release|x86.ActiveCfg = Release|x86
		{FB2DF310-D838-4347-8377-16501F72B396}.Release|x86.Build.0 = Release|x86
		{5DFEF9BB-0694-4948-9CCF-0AB5C378F4F7}.Debug|Any CPU.ActiveCfg = Debug|Any CPU
		{5DFEF9BB-0694-4948-9CCF-0AB5C378F4F7}.Debug|Any CPU.Build.0 = Debug|Any CPU
		{5DFEF9BB-0694-4948-9CCF-0AB5C378F4F7}.Debug|x64.ActiveCfg = Debug|x64
		{5DFEF9BB-0694-4948-9CCF-0AB5C378F4F7}.Debug|x64.Build.0 = Debug|x64
		{5DFEF9BB-0694-4948-9CCF-0AB5C378F4F7}.Debug|x86.ActiveCfg = Debug|x86
		{5DFEF9BB-0694-4948-9CCF-0AB5C378F4F7}.Debug|x86.Build.0 = Debug|x86
		{5DFEF9BB-0694-4948-9CCF-0AB5C378F4F7}.Release|Any CPU.ActiveCfg = Release|Any CPU
		{5DFEF9BB-0694-4948-9CCF-0AB5C378F4F7}.Release|Any CPU.Build.0 = Release|Any CPU
		{5DFEF9BB-0694-4948-9CCF-0AB5C378F4F7}.Release|x64.ActiveCfg = Release|x64
		{5DFEF9BB-0694-4948-9CCF-0AB5C378F4F7}.Release|x64.Build.0 = Release|x64
		{5DFEF9BB-0694-4948-9CCF-0AB5C378F4F7}.Release|x86.ActiveCfg = Release|x86
		{5DFEF9BB-0694-4948-9CCF-0AB5C378F4F7}.Release|x86.Build.0 = Release|x86
		{C4F6DEDF-ACA7-4345-BD7A-21F1EDD919E1}.Debug|Any CPU.ActiveCfg = Debug|Any CPU
		{C4F6DEDF-ACA7-4345-BD7A-21F1EDD919E1}.Debug|Any CPU.Build.0 = Debug|Any CPU
		{C4F6DEDF-ACA7-4345-BD7A-21F1EDD919E1}.Debug|x64.ActiveCfg = Debug|x64
		{C4F6DEDF-ACA7-4345-BD7A-21F1EDD919E1}.Debug|x64.Build.0 = Debug|x64
		{C4F6DEDF-ACA7-4345-BD7A-21F1EDD919E1}.Debug|x86.ActiveCfg = Debug|x86
		{C4F6DEDF-ACA7-4345-BD7A-21F1EDD919E1}.Debug|x86.Build.0 = Debug|x86
		{C4F6DEDF-ACA7-4345-BD7A-21F1EDD919E1}.Release|Any CPU.ActiveCfg = Release|Any CPU
		{C4F6DEDF-ACA7-4345-BD7A-21F1EDD919E1}.Release|Any CPU.Build.0 = Release|Any CPU
		{C4F6DEDF-ACA7-4345-BD7A-21F1EDD919E1}.Release|x64.ActiveCfg = Release|x64
		{C4F6DEDF-ACA7-4345-BD7A-21F1EDD919E1}.Release|x64.Build.0 = Release|x64
		{C4F6DEDF-ACA7-4345-BD7A-21F1EDD919E1}.Release|x86.ActiveCfg = Release|x86
		{C4F6DEDF-ACA7-4345-BD7A-21F1EDD919E1}.Release|x86.Build.0 = Release|x86
		{AA8FF7CE-2116-4645-B006-4130E9CE2C58}.Debug|Any CPU.ActiveCfg = Debug|Any CPU
		{AA8FF7CE-2116-4645-B006-4130E9CE2C58}.Debug|Any CPU.Build.0 = Debug|Any CPU
		{AA8FF7CE-2116-4645-B006-4130E9CE2C58}.Debug|x64.ActiveCfg = Debug|x64
		{AA8FF7CE-2116-4645-B006-4130E9CE2C58}.Debug|x64.Build.0 = Debug|x64
		{AA8FF7CE-2116-4645-B006-4130E9CE2C58}.Debug|x86.ActiveCfg = Debug|x86
		{AA8FF7CE-2116-4645-B006-4130E9CE2C58}.Debug|x86.Build.0 = Debug|x86
		{AA8FF7CE-2116-4645-B006-4130E9CE2C58}.Release|Any CPU.ActiveCfg = Release|Any CPU
		{AA8FF7CE-2116-4645-B006-4130E9CE2C58}.Release|Any CPU.Build.0 = Release|Any CPU
		{AA8FF7CE-2116-4645-B006-4130E9CE2C58}.Release|x64.ActiveCfg = Release|x64
		{AA8FF7CE-2116-4645-B006-4130E9CE2C58}.Release|x64.Build.0 = Release|x64
		{AA8FF7CE-2116-4645-B006-4130E9CE2C58}.Release|x86.ActiveCfg = Release|x86
		{AA8FF7CE-2116-4645-B006-4130E9CE2C58}.Release|x86.Build.0 = Release|x86
		{2E0A0A72-E1AD-47B8-87A7-093C7223696C}.Debug|Any CPU.ActiveCfg = Debug|Any CPU
		{2E0A0A72-E1AD-47B8-87A7-093C7223696C}.Debug|Any CPU.Build.0 = Debug|Any CPU
		{2E0A0A72-E1AD-47B8-87A7-093C7223696C}.Debug|x64.ActiveCfg = Debug|x64
		{2E0A0A72-E1AD-47B8-87A7-093C7223696C}.Debug|x64.Build.0 = Debug|x64
		{2E0A0A72-E1AD-47B8-87A7-093C7223696C}.Debug|x86.ActiveCfg = Debug|x86
		{2E0A0A72-E1AD-47B8-87A7-093C7223696C}.Debug|x86.Build.0 = Debug|x86
		{2E0A0A72-E1AD-47B8-87A7-093C7223696C}.Release|Any CPU.ActiveCfg = Release|Any CPU
		{2E0A0A72-E1AD-47B8-87A7-093C7223696C}.Release|Any CPU.Build.0 = Release|Any CPU
		{2E0A0A72-E1AD-47B8-87A7-093C7223696C}.Release|x64.ActiveCfg = Release|x64
		{2E0A0A72-E1AD-47B8-87A7-093C7223696C}.Release|x64.Build.0 = Release|x64
		{2E0A0A72-E1AD-47B8-87A7-093C7223696C}.Release|x86.ActiveCfg = Release|x86
		{2E0A0A72-E1AD-47B8-87A7-093C7223696C}.Release|x86.Build.0 = Release|x86
		{7DDA9D00-FD6E-4237-B597-54151F0CBE3B}.Debug|Any CPU.ActiveCfg = Debug|Any CPU
		{7DDA9D00-FD6E-4237-B597-54151F0CBE3B}.Debug|Any CPU.Build.0 = Debug|Any CPU
		{7DDA9D00-FD6E-4237-B597-54151F0CBE3B}.Debug|x64.ActiveCfg = Debug|x64
		{7DDA9D00-FD6E-4237-B597-54151F0CBE3B}.Debug|x64.Build.0 = Debug|x64
		{7DDA9D00-FD6E-4237-B597-54151F0CBE3B}.Debug|x86.ActiveCfg = Debug|x86
		{7DDA9D00-FD6E-4237-B597-54151F0CBE3B}.Debug|x86.Build.0 = Debug|x86
		{7DDA9D00-FD6E-4237-B597-54151F0CBE3B}.Release|Any CPU.ActiveCfg = Release|Any CPU
		{7DDA9D00-FD6E-4237-B597-54151F0CBE3B}.Release|Any CPU.Build.0 = Release|Any CPU
		{7DDA9D00-FD6E-4237-B597-54151F0CBE3B}.Release|x64.ActiveCfg = Release|x64
		{7DDA9D00-FD6E-4237-B597-54151F0CBE3B}.Release|x64.Build.0 = Release|x64
		{7DDA9D00-FD6E-4237-B597-54151F0CBE3B}.Release|x86.ActiveCfg = Release|x86
		{7DDA9D00-FD6E-4237-B597-54151F0CBE3B}.Release|x86.Build.0 = Release|x86
		{9E6EABC0-0713-4FC0-8622-3DE2F9704EF3}.Debug|Any CPU.ActiveCfg = Debug|Any CPU
		{9E6EABC0-0713-4FC0-8622-3DE2F9704EF3}.Debug|Any CPU.Build.0 = Debug|Any CPU
		{9E6EABC0-0713-4FC0-8622-3DE2F9704EF3}.Debug|x64.ActiveCfg = Debug|Any CPU
		{9E6EABC0-0713-4FC0-8622-3DE2F9704EF3}.Debug|x64.Build.0 = Debug|Any CPU
		{9E6EABC0-0713-4FC0-8622-3DE2F9704EF3}.Debug|x86.ActiveCfg = Debug|Any CPU
		{9E6EABC0-0713-4FC0-8622-3DE2F9704EF3}.Debug|x86.Build.0 = Debug|Any CPU
		{9E6EABC0-0713-4FC0-8622-3DE2F9704EF3}.Release|Any CPU.ActiveCfg = Release|Any CPU
		{9E6EABC0-0713-4FC0-8622-3DE2F9704EF3}.Release|Any CPU.Build.0 = Release|Any CPU
		{9E6EABC0-0713-4FC0-8622-3DE2F9704EF3}.Release|x64.ActiveCfg = Release|Any CPU
		{9E6EABC0-0713-4FC0-8622-3DE2F9704EF3}.Release|x64.Build.0 = Release|Any CPU
		{9E6EABC0-0713-4FC0-8622-3DE2F9704EF3}.Release|x86.ActiveCfg = Release|Any CPU
		{9E6EABC0-0713-4FC0-8622-3DE2F9704EF3}.Release|x86.Build.0 = Release|Any CPU
		{59344CC4-723C-4F67-8CA5-1BCBF2C14028}.Debug|Any CPU.ActiveCfg = Debug|Any CPU
		{59344CC4-723C-4F67-8CA5-1BCBF2C14028}.Debug|Any CPU.Build.0 = Debug|Any CPU
		{59344CC4-723C-4F67-8CA5-1BCBF2C14028}.Debug|x64.ActiveCfg = Debug|Any CPU
		{59344CC4-723C-4F67-8CA5-1BCBF2C14028}.Debug|x64.Build.0 = Debug|Any CPU
		{59344CC4-723C-4F67-8CA5-1BCBF2C14028}.Debug|x86.ActiveCfg = Debug|Any CPU
		{59344CC4-723C-4F67-8CA5-1BCBF2C14028}.Debug|x86.Build.0 = Debug|Any CPU
		{59344CC4-723C-4F67-8CA5-1BCBF2C14028}.Release|Any CPU.ActiveCfg = Release|Any CPU
		{59344CC4-723C-4F67-8CA5-1BCBF2C14028}.Release|Any CPU.Build.0 = Release|Any CPU
		{59344CC4-723C-4F67-8CA5-1BCBF2C14028}.Release|x64.ActiveCfg = Release|Any CPU
		{59344CC4-723C-4F67-8CA5-1BCBF2C14028}.Release|x64.Build.0 = Release|Any CPU
		{59344CC4-723C-4F67-8CA5-1BCBF2C14028}.Release|x86.ActiveCfg = Release|Any CPU
		{59344CC4-723C-4F67-8CA5-1BCBF2C14028}.Release|x86.Build.0 = Release|Any CPU
		{43AB6A66-331F-4BCF-90EB-12A0B2D9329A}.Debug|Any CPU.ActiveCfg = Debug|Any CPU
		{43AB6A66-331F-4BCF-90EB-12A0B2D9329A}.Debug|Any CPU.Build.0 = Debug|Any CPU
		{43AB6A66-331F-4BCF-90EB-12A0B2D9329A}.Debug|x64.ActiveCfg = Debug|Any CPU
		{43AB6A66-331F-4BCF-90EB-12A0B2D9329A}.Debug|x64.Build.0 = Debug|Any CPU
		{43AB6A66-331F-4BCF-90EB-12A0B2D9329A}.Debug|x86.ActiveCfg = Debug|Any CPU
		{43AB6A66-331F-4BCF-90EB-12A0B2D9329A}.Debug|x86.Build.0 = Debug|Any CPU
		{43AB6A66-331F-4BCF-90EB-12A0B2D9329A}.Release|Any CPU.ActiveCfg = Release|Any CPU
		{43AB6A66-331F-4BCF-90EB-12A0B2D9329A}.Release|Any CPU.Build.0 = Release|Any CPU
		{43AB6A66-331F-4BCF-90EB-12A0B2D9329A}.Release|x64.ActiveCfg = Release|Any CPU
		{43AB6A66-331F-4BCF-90EB-12A0B2D9329A}.Release|x64.Build.0 = Release|Any CPU
		{43AB6A66-331F-4BCF-90EB-12A0B2D9329A}.Release|x86.ActiveCfg = Release|Any CPU
		{43AB6A66-331F-4BCF-90EB-12A0B2D9329A}.Release|x86.Build.0 = Release|Any CPU
		{D4F704DB-89F9-4A49-90F9-477A8193E70A}.Debug|Any CPU.ActiveCfg = Debug|Any CPU
		{D4F704DB-89F9-4A49-90F9-477A8193E70A}.Debug|Any CPU.Build.0 = Debug|Any CPU
		{D4F704DB-89F9-4A49-90F9-477A8193E70A}.Debug|x64.ActiveCfg = Debug|Any CPU
		{D4F704DB-89F9-4A49-90F9-477A8193E70A}.Debug|x64.Build.0 = Debug|Any CPU
		{D4F704DB-89F9-4A49-90F9-477A8193E70A}.Debug|x86.ActiveCfg = Debug|Any CPU
		{D4F704DB-89F9-4A49-90F9-477A8193E70A}.Debug|x86.Build.0 = Debug|Any CPU
		{D4F704DB-89F9-4A49-90F9-477A8193E70A}.Release|Any CPU.ActiveCfg = Release|Any CPU
		{D4F704DB-89F9-4A49-90F9-477A8193E70A}.Release|Any CPU.Build.0 = Release|Any CPU
		{D4F704DB-89F9-4A49-90F9-477A8193E70A}.Release|x64.ActiveCfg = Release|Any CPU
		{D4F704DB-89F9-4A49-90F9-477A8193E70A}.Release|x64.Build.0 = Release|Any CPU
		{D4F704DB-89F9-4A49-90F9-477A8193E70A}.Release|x86.ActiveCfg = Release|Any CPU
		{D4F704DB-89F9-4A49-90F9-477A8193E70A}.Release|x86.Build.0 = Release|Any CPU
		{6AE641B7-6868-43FB-81EB-CDEBEB93CB99}.Debug|Any CPU.ActiveCfg = Debug|Any CPU
		{6AE641B7-6868-43FB-81EB-CDEBEB93CB99}.Debug|Any CPU.Build.0 = Debug|Any CPU
		{6AE641B7-6868-43FB-81EB-CDEBEB93CB99}.Debug|x64.ActiveCfg = Debug|Any CPU
		{6AE641B7-6868-43FB-81EB-CDEBEB93CB99}.Debug|x64.Build.0 = Debug|Any CPU
		{6AE641B7-6868-43FB-81EB-CDEBEB93CB99}.Debug|x86.ActiveCfg = Debug|Any CPU
		{6AE641B7-6868-43FB-81EB-CDEBEB93CB99}.Debug|x86.Build.0 = Debug|Any CPU
		{6AE641B7-6868-43FB-81EB-CDEBEB93CB99}.Release|Any CPU.ActiveCfg = Release|Any CPU
		{6AE641B7-6868-43FB-81EB-CDEBEB93CB99}.Release|Any CPU.Build.0 = Release|Any CPU
		{6AE641B7-6868-43FB-81EB-CDEBEB93CB99}.Release|x64.ActiveCfg = Release|Any CPU
		{6AE641B7-6868-43FB-81EB-CDEBEB93CB99}.Release|x64.Build.0 = Release|Any CPU
		{6AE641B7-6868-43FB-81EB-CDEBEB93CB99}.Release|x86.ActiveCfg = Release|Any CPU
		{6AE641B7-6868-43FB-81EB-CDEBEB93CB99}.Release|x86.Build.0 = Release|Any CPU
		{D58BAAB5-A2A2-4510-851E-5DE9322CA161}.Debug|Any CPU.ActiveCfg = Debug|Any CPU
		{D58BAAB5-A2A2-4510-851E-5DE9322CA161}.Debug|Any CPU.Build.0 = Debug|Any CPU
		{D58BAAB5-A2A2-4510-851E-5DE9322CA161}.Debug|x64.ActiveCfg = Debug|Any CPU
		{D58BAAB5-A2A2-4510-851E-5DE9322CA161}.Debug|x64.Build.0 = Debug|Any CPU
		{D58BAAB5-A2A2-4510-851E-5DE9322CA161}.Debug|x86.ActiveCfg = Debug|Any CPU
		{D58BAAB5-A2A2-4510-851E-5DE9322CA161}.Debug|x86.Build.0 = Debug|Any CPU
		{D58BAAB5-A2A2-4510-851E-5DE9322CA161}.Release|Any CPU.ActiveCfg = Release|Any CPU
		{D58BAAB5-A2A2-4510-851E-5DE9322CA161}.Release|Any CPU.Build.0 = Release|Any CPU
		{D58BAAB5-A2A2-4510-851E-5DE9322CA161}.Release|x64.ActiveCfg = Release|Any CPU
		{D58BAAB5-A2A2-4510-851E-5DE9322CA161}.Release|x64.Build.0 = Release|Any CPU
		{D58BAAB5-A2A2-4510-851E-5DE9322CA161}.Release|x86.ActiveCfg = Release|Any CPU
		{D58BAAB5-A2A2-4510-851E-5DE9322CA161}.Release|x86.Build.0 = Release|Any CPU
		{E90B0ED1-ED0A-4210-BD70-4DFA7AD026CC}.Debug|Any CPU.ActiveCfg = Debug|Any CPU
		{E90B0ED1-ED0A-4210-BD70-4DFA7AD026CC}.Debug|Any CPU.Build.0 = Debug|Any CPU
		{E90B0ED1-ED0A-4210-BD70-4DFA7AD026CC}.Debug|x64.ActiveCfg = Debug|Any CPU
		{E90B0ED1-ED0A-4210-BD70-4DFA7AD026CC}.Debug|x64.Build.0 = Debug|Any CPU
		{E90B0ED1-ED0A-4210-BD70-4DFA7AD026CC}.Debug|x86.ActiveCfg = Debug|Any CPU
		{E90B0ED1-ED0A-4210-BD70-4DFA7AD026CC}.Debug|x86.Build.0 = Debug|Any CPU
		{E90B0ED1-ED0A-4210-BD70-4DFA7AD026CC}.Release|Any CPU.ActiveCfg = Release|Any CPU
		{E90B0ED1-ED0A-4210-BD70-4DFA7AD026CC}.Release|Any CPU.Build.0 = Release|Any CPU
		{E90B0ED1-ED0A-4210-BD70-4DFA7AD026CC}.Release|x64.ActiveCfg = Release|Any CPU
		{E90B0ED1-ED0A-4210-BD70-4DFA7AD026CC}.Release|x64.Build.0 = Release|Any CPU
		{E90B0ED1-ED0A-4210-BD70-4DFA7AD026CC}.Release|x86.ActiveCfg = Release|Any CPU
		{E90B0ED1-ED0A-4210-BD70-4DFA7AD026CC}.Release|x86.Build.0 = Release|Any CPU
		{7C979AD7-6CBE-4C61-ADFA-C7827A48C1D9}.Debug|Any CPU.ActiveCfg = Debug|Any CPU
		{7C979AD7-6CBE-4C61-ADFA-C7827A48C1D9}.Debug|Any CPU.Build.0 = Debug|Any CPU
		{7C979AD7-6CBE-4C61-ADFA-C7827A48C1D9}.Debug|x64.ActiveCfg = Debug|Any CPU
		{7C979AD7-6CBE-4C61-ADFA-C7827A48C1D9}.Debug|x64.Build.0 = Debug|Any CPU
		{7C979AD7-6CBE-4C61-ADFA-C7827A48C1D9}.Debug|x86.ActiveCfg = Debug|Any CPU
		{7C979AD7-6CBE-4C61-ADFA-C7827A48C1D9}.Debug|x86.Build.0 = Debug|Any CPU
		{7C979AD7-6CBE-4C61-ADFA-C7827A48C1D9}.Release|Any CPU.ActiveCfg = Release|Any CPU
		{7C979AD7-6CBE-4C61-ADFA-C7827A48C1D9}.Release|Any CPU.Build.0 = Release|Any CPU
		{7C979AD7-6CBE-4C61-ADFA-C7827A48C1D9}.Release|x64.ActiveCfg = Release|Any CPU
		{7C979AD7-6CBE-4C61-ADFA-C7827A48C1D9}.Release|x64.Build.0 = Release|Any CPU
		{7C979AD7-6CBE-4C61-ADFA-C7827A48C1D9}.Release|x86.ActiveCfg = Release|Any CPU
		{7C979AD7-6CBE-4C61-ADFA-C7827A48C1D9}.Release|x86.Build.0 = Release|Any CPU
		{57117522-8940-40E0-A9E6-EAFD9E54A076}.Debug|Any CPU.ActiveCfg = Debug|Any CPU
		{57117522-8940-40E0-A9E6-EAFD9E54A076}.Debug|Any CPU.Build.0 = Debug|Any CPU
		{57117522-8940-40E0-A9E6-EAFD9E54A076}.Debug|x64.ActiveCfg = Debug|Any CPU
		{57117522-8940-40E0-A9E6-EAFD9E54A076}.Debug|x64.Build.0 = Debug|Any CPU
		{57117522-8940-40E0-A9E6-EAFD9E54A076}.Debug|x86.ActiveCfg = Debug|Any CPU
		{57117522-8940-40E0-A9E6-EAFD9E54A076}.Debug|x86.Build.0 = Debug|Any CPU
		{57117522-8940-40E0-A9E6-EAFD9E54A076}.Release|Any CPU.ActiveCfg = Release|Any CPU
		{57117522-8940-40E0-A9E6-EAFD9E54A076}.Release|Any CPU.Build.0 = Release|Any CPU
		{57117522-8940-40E0-A9E6-EAFD9E54A076}.Release|x64.ActiveCfg = Release|Any CPU
		{57117522-8940-40E0-A9E6-EAFD9E54A076}.Release|x64.Build.0 = Release|Any CPU
		{57117522-8940-40E0-A9E6-EAFD9E54A076}.Release|x86.ActiveCfg = Release|Any CPU
		{57117522-8940-40E0-A9E6-EAFD9E54A076}.Release|x86.Build.0 = Release|Any CPU
	EndGlobalSection
	GlobalSection(SolutionProperties) = preSolution
		HideSolutionNode = FALSE
	EndGlobalSection
	GlobalSection(NestedProjects) = preSolution
		{FB2DF310-D838-4347-8377-16501F72B396} = {0AB3BF05-4346-4AA6-1389-037BE0695223}
		{C4F6DEDF-ACA7-4345-BD7A-21F1EDD919E1} = {0AB3BF05-4346-4AA6-1389-037BE0695223}
		{AA8FF7CE-2116-4645-B006-4130E9CE2C58} = {0AB3BF05-4346-4AA6-1389-037BE0695223}
		{2E0A0A72-E1AD-47B8-87A7-093C7223696C} = {0AB3BF05-4346-4AA6-1389-037BE0695223}
		{9E6EABC0-0713-4FC0-8622-3DE2F9704EF3} = {0AB3BF05-4346-4AA6-1389-037BE0695223}
		{D4F704DB-89F9-4A49-90F9-477A8193E70A} = {0AB3BF05-4346-4AA6-1389-037BE0695223}
		{D58BAAB5-A2A2-4510-851E-5DE9322CA161} = {0AB3BF05-4346-4AA6-1389-037BE0695223}
	EndGlobalSection
	GlobalSection(ExtensibilityGlobals) = postSolution
		SolutionGuid = {4A2CB93A-F7C2-46F7-B64F-8849E34F7556}
	EndGlobalSection
EndGlobal
